// !$*UTF8*$!
{
	archiveVersion = 1;
	classes = {
	};
	objectVersion = 46;
	objects = {

/* Begin PBXBuildFile section */
		DF1100A21DC727840003EEA5 /* UIImage+Extension.m in Sources */ = {isa = PBXBuildFile; fileRef = DF1100A11DC727840003EEA5 /* UIImage+Extension.m */; };
		DF5BF6FF1DC0A6FA009FE851 /* main.m in Sources */ = {isa = PBXBuildFile; fileRef = DF5BF6FE1DC0A6FA009FE851 /* main.m */; };
		DF5BF7021DC0A6FA009FE851 /* AppDelegate.m in Sources */ = {isa = PBXBuildFile; fileRef = DF5BF7011DC0A6FA009FE851 /* AppDelegate.m */; };
		DF5BF7051DC0A6FA009FE851 /* ViewController.m in Sources */ = {isa = PBXBuildFile; fileRef = DF5BF7041DC0A6FA009FE851 /* ViewController.m */; };
		DF5BF7081DC0A6FA009FE851 /* Main.storyboard in Resources */ = {isa = PBXBuildFile; fileRef = DF5BF7061DC0A6FA009FE851 /* Main.storyboard */; };
		DF5BF70A1DC0A6FA009FE851 /* Assets.xcassets in Resources */ = {isa = PBXBuildFile; fileRef = DF5BF7091DC0A6FA009FE851 /* Assets.xcassets */; };
		DF5BF70D1DC0A6FA009FE851 /* LaunchScreen.storyboard in Resources */ = {isa = PBXBuildFile; fileRef = DF5BF70B1DC0A6FA009FE851 /* LaunchScreen.storyboard */; };
		DF5BF7441DC0AACD009FE851 /* NSData+APNSToken.m in Sources */ = {isa = PBXBuildFile; fileRef = DF5BF7391DC0AACD009FE851 /* NSData+APNSToken.m */; };
		DF5BF7451DC0AACD009FE851 /* NSData+Base64.m in Sources */ = {isa = PBXBuildFile; fileRef = DF5BF73B1DC0AACD009FE851 /* NSData+Base64.m */; };
		DF5BF7461DC0AACD009FE851 /* NSData+Encrypt.m in Sources */ = {isa = PBXBuildFile; fileRef = DF5BF73D1DC0AACD009FE851 /* NSData+Encrypt.m */; };
		DF5BF7471DC0AACD009FE851 /* NSData+JKDataCache.m in Sources */ = {isa = PBXBuildFile; fileRef = DF5BF73F1DC0AACD009FE851 /* NSData+JKDataCache.m */; };
		DF5BF7481DC0AACD009FE851 /* NSData+JKGzip.m in Sources */ = {isa = PBXBuildFile; fileRef = DF5BF7411DC0AACD009FE851 /* NSData+JKGzip.m */; };
		DF5BF7491DC0AACD009FE851 /* NSData+JKzlib.m in Sources */ = {isa = PBXBuildFile; fileRef = DF5BF7431DC0AACD009FE851 /* NSData+JKzlib.m */; };
		DF5BF7561DC0AD27009FE851 /* NSException+Trace.m in Sources */ = {isa = PBXBuildFile; fileRef = DF5BF7551DC0AD27009FE851 /* NSException+Trace.m */; };
		DF5BF7781DC0AE93009FE851 /* NSString+HLHanZiToPinYin.m in Sources */ = {isa = PBXBuildFile; fileRef = DF5BF7631DC0AE93009FE851 /* NSString+HLHanZiToPinYin.m */; };
		DF5BF77A1DC0AE93009FE851 /* NSString+Emoji.m in Sources */ = {isa = PBXBuildFile; fileRef = DF5BF7671DC0AE93009FE851 /* NSString+Emoji.m */; };
		DF5BF77B1DC0AE93009FE851 /* NSString+MAC.m in Sources */ = {isa = PBXBuildFile; fileRef = DF5BF7691DC0AE93009FE851 /* NSString+MAC.m */; };
		DF5BF77C1DC0AE93009FE851 /* NSString+MacRegexCategory.m in Sources */ = {isa = PBXBuildFile; fileRef = DF5BF76B1DC0AE93009FE851 /* NSString+MacRegexCategory.m */; };
		DF5BF77D1DC0AE93009FE851 /* NSString+MIME.m in Sources */ = {isa = PBXBuildFile; fileRef = DF5BF76D1DC0AE93009FE851 /* NSString+MIME.m */; };
		DF5BF77E1DC0AE93009FE851 /* NSString+RemoveEmoji.m in Sources */ = {isa = PBXBuildFile; fileRef = DF5BF76F1DC0AE93009FE851 /* NSString+RemoveEmoji.m */; };
		DF5BF77F1DC0AE93009FE851 /* NSString+Trims.m in Sources */ = {isa = PBXBuildFile; fileRef = DF5BF7711DC0AE93009FE851 /* NSString+Trims.m */; };
		DF5BF7801DC0AE93009FE851 /* NSString+UUID.m in Sources */ = {isa = PBXBuildFile; fileRef = DF5BF7731DC0AE93009FE851 /* NSString+UUID.m */; };
		DF5BF7811DC0AE93009FE851 /* ChineseToPinyin.m in Sources */ = {isa = PBXBuildFile; fileRef = DF5BF7771DC0AE93009FE851 /* ChineseToPinyin.m */; };
		DF5BF7841DC0AEE1009FE851 /* MF_Base64Additions.m in Sources */ = {isa = PBXBuildFile; fileRef = DF5BF7831DC0AEE1009FE851 /* MF_Base64Additions.m */; };
		DF5BF7881DC0AF0C009FE851 /* NSTimer+MAC.m in Sources */ = {isa = PBXBuildFile; fileRef = DF5BF7871DC0AF0C009FE851 /* NSTimer+MAC.m */; };
		DF5BF78E1DC0AF64009FE851 /* AppleSystemService.m in Sources */ = {isa = PBXBuildFile; fileRef = DF5BF78B1DC0AF64009FE851 /* AppleSystemService.m */; };
		DF5BF78F1DC0AF64009FE851 /* UIApplication+AppInfo.m in Sources */ = {isa = PBXBuildFile; fileRef = DF5BF78D1DC0AF64009FE851 /* UIApplication+AppInfo.m */; };
		DF5BF7A21DC0B001009FE851 /* UIButton+Block.m in Sources */ = {isa = PBXBuildFile; fileRef = DF5BF7921DC0B001009FE851 /* UIButton+Block.m */; };
		DF5BF7A31DC0B001009FE851 /* UIButton+CountDown.m in Sources */ = {isa = PBXBuildFile; fileRef = DF5BF7941DC0B001009FE851 /* UIButton+CountDown.m */; };
		DF5BF7A41DC0B001009FE851 /* UIButton+Indicator.m in Sources */ = {isa = PBXBuildFile; fileRef = DF5BF7961DC0B001009FE851 /* UIButton+Indicator.m */; };
		DF5BF7A51DC0B001009FE851 /* UIButton+LXMImagePosition.m in Sources */ = {isa = PBXBuildFile; fileRef = DF5BF7981DC0B001009FE851 /* UIButton+LXMImagePosition.m */; };
		DF5BF7A61DC0B001009FE851 /* UIButton+MAC.m in Sources */ = {isa = PBXBuildFile; fileRef = DF5BF79A1DC0B001009FE851 /* UIButton+MAC.m */; };
		DF5BF7A71DC0B001009FE851 /* UIButton+MiddleAligning.m in Sources */ = {isa = PBXBuildFile; fileRef = DF5BF79C1DC0B001009FE851 /* UIButton+MiddleAligning.m */; };
		DF5BF7A81DC0B001009FE851 /* UIButton+Submitting.m in Sources */ = {isa = PBXBuildFile; fileRef = DF5BF79E1DC0B001009FE851 /* UIButton+Submitting.m */; };
		DF5BF7A91DC0B001009FE851 /* UIButton+TouchAreaInsets.m in Sources */ = {isa = PBXBuildFile; fileRef = DF5BF7A01DC0B001009FE851 /* UIButton+TouchAreaInsets.m */; };
		DF5BF7B01DC0B0CD009FE851 /* UIImage+Additions.m in Sources */ = {isa = PBXBuildFile; fileRef = DF5BF7AC1DC0B0CD009FE851 /* UIImage+Additions.m */; };
		DF5BF7B11DC0B0CD009FE851 /* UIImage+SuperCompress.m in Sources */ = {isa = PBXBuildFile; fileRef = DF5BF7AE1DC0B0CD009FE851 /* UIImage+SuperCompress.m */; };
		DF5BF7BF1DC0B2A3009FE851 /* UIImageView+Addition.m in Sources */ = {isa = PBXBuildFile; fileRef = DF5BF7B61DC0B2A3009FE851 /* UIImageView+Addition.m */; };
		DF5BF7C11DC0B2A3009FE851 /* UIImageView+Letters.m in Sources */ = {isa = PBXBuildFile; fileRef = DF5BF7BA1DC0B2A3009FE851 /* UIImageView+Letters.m */; };
		DF5BF7C21DC0B2A3009FE851 /* UIImageView+Reflect.m in Sources */ = {isa = PBXBuildFile; fileRef = DF5BF7BC1DC0B2A3009FE851 /* UIImageView+Reflect.m */; };
		DF5BF7CA1DC0B2C0009FE851 /* UIResponder+Chain.m in Sources */ = {isa = PBXBuildFile; fileRef = DF5BF7C51DC0B2C0009FE851 /* UIResponder+Chain.m */; };
		DF5BF7CB1DC0B2C0009FE851 /* UIResponder+FirstResponder.m in Sources */ = {isa = PBXBuildFile; fileRef = DF5BF7C71DC0B2C0009FE851 /* UIResponder+FirstResponder.m */; };
		DF5BF7CC1DC0B2C0009FE851 /* UIResponder+UIAdapt.m in Sources */ = {isa = PBXBuildFile; fileRef = DF5BF7C91DC0B2C0009FE851 /* UIResponder+UIAdapt.m */; };
		DF5BF7EF1DC0B4E5009FE851 /* EAFeatureItem.m in Sources */ = {isa = PBXBuildFile; fileRef = DF5BF7D31DC0B4E5009FE851 /* EAFeatureItem.m */; };
		DF5BF7F01DC0B4E5009FE851 /* UIView+EAFeatureGuideView.m in Sources */ = {isa = PBXBuildFile; fileRef = DF5BF7D51DC0B4E5009FE851 /* UIView+EAFeatureGuideView.m */; };
		DF5BF7F11DC0B4E5009FE851 /* UIView+AnimationProperty.m in Sources */ = {isa = PBXBuildFile; fileRef = DF5BF7D71DC0B4E5009FE851 /* UIView+AnimationProperty.m */; };
		DF5BF7F21DC0B4E5009FE851 /* UIView+BlockGesture.m in Sources */ = {isa = PBXBuildFile; fileRef = DF5BF7D91DC0B4E5009FE851 /* UIView+BlockGesture.m */; };
		DF5BF7F31DC0B4E5009FE851 /* UIView+Blur.m in Sources */ = {isa = PBXBuildFile; fileRef = DF5BF7DB1DC0B4E5009FE851 /* UIView+Blur.m */; };
		DF5BF7F41DC0B4E5009FE851 /* UIView+Find.m in Sources */ = {isa = PBXBuildFile; fileRef = DF5BF7DD1DC0B4E5009FE851 /* UIView+Find.m */; };
		DF5BF7F51DC0B4E5009FE851 /* UIView+GestureCallback.m in Sources */ = {isa = PBXBuildFile; fileRef = DF5BF7DF1DC0B4E5009FE851 /* UIView+GestureCallback.m */; };
		DF5BF7F61DC0B4E5009FE851 /* UIView+GlowView.m in Sources */ = {isa = PBXBuildFile; fileRef = DF5BF7E11DC0B4E5009FE851 /* UIView+GlowView.m */; };
		DF5BF7F71DC0B4E6009FE851 /* UIView+MAC.m in Sources */ = {isa = PBXBuildFile; fileRef = DF5BF7E31DC0B4E5009FE851 /* UIView+MAC.m */; };
		DF5BF7F81DC0B4E6009FE851 /* UIView+Nib.m in Sources */ = {isa = PBXBuildFile; fileRef = DF5BF7E51DC0B4E5009FE851 /* UIView+Nib.m */; };
		DF5BF7F91DC0B4E6009FE851 /* UIView+RecursiveDescription.m in Sources */ = {isa = PBXBuildFile; fileRef = DF5BF7E71DC0B4E5009FE851 /* UIView+RecursiveDescription.m */; };
		DF5BF7FA1DC0B4E6009FE851 /* UIView+Screenshot.m in Sources */ = {isa = PBXBuildFile; fileRef = DF5BF7E91DC0B4E5009FE851 /* UIView+Screenshot.m */; };
		DF5BF7FB1DC0B4E6009FE851 /* UIView+Shake.m in Sources */ = {isa = PBXBuildFile; fileRef = DF5BF7EB1DC0B4E5009FE851 /* UIView+Shake.m */; };
		DF5BF7FC1DC0B4E6009FE851 /* UIView+ViewController.m in Sources */ = {isa = PBXBuildFile; fileRef = DF5BF7ED1DC0B4E5009FE851 /* UIView+ViewController.m */; };
		DF5BF8001DC0B508009FE851 /* UIWebView+Blocks.m in Sources */ = {isa = PBXBuildFile; fileRef = DF5BF7FF1DC0B508009FE851 /* UIWebView+Blocks.m */; };
		DF5BF80E1DC0B5E0009FE851 /* GCDGroup.m in Sources */ = {isa = PBXBuildFile; fileRef = DF5BF8041DC0B5E0009FE851 /* GCDGroup.m */; };
		DF5BF80F1DC0B5E0009FE851 /* GCDQueue.m in Sources */ = {isa = PBXBuildFile; fileRef = DF5BF8061DC0B5E0009FE851 /* GCDQueue.m */; };
		DF5BF8101DC0B5E0009FE851 /* GCDSemaphore.m in Sources */ = {isa = PBXBuildFile; fileRef = DF5BF8081DC0B5E0009FE851 /* GCDSemaphore.m */; };
		DF5BF8111DC0B5E0009FE851 /* GCDTimer.m in Sources */ = {isa = PBXBuildFile; fileRef = DF5BF80A1DC0B5E0009FE851 /* GCDTimer.m */; };
		DF5BF8121DC0B5E0009FE851 /* LocalPushCenter.m in Sources */ = {isa = PBXBuildFile; fileRef = DF5BF80D1DC0B5E0009FE851 /* LocalPushCenter.m */; };
		DF6BC7371DC8AD8300CF1C64 /* UINavigationBar+PPSNavigationBar.m in Sources */ = {isa = PBXBuildFile; fileRef = DF6BC7361DC8AD8300CF1C64 /* UINavigationBar+PPSNavigationBar.m */; };
		DF6BC73B1DC8AE3500CF1C64 /* Reachability.m in Sources */ = {isa = PBXBuildFile; fileRef = DF6BC73A1DC8AE3500CF1C64 /* Reachability.m */; };
		DF6BC7621DC8BDC100CF1C64 /* NSBundle+CLObjcSugar.m in Sources */ = {isa = PBXBuildFile; fileRef = DF6BC73F1DC8BDC100CF1C64 /* NSBundle+CLObjcSugar.m */; };
		DF6BC7631DC8BDC100CF1C64 /* NSDate+CLObjcSugar.m in Sources */ = {isa = PBXBuildFile; fileRef = DF6BC7411DC8BDC100CF1C64 /* NSDate+CLObjcSugar.m */; };
		DF6BC7641DC8BDC100CF1C64 /* NSDate+MacFormatter.m in Sources */ = {isa = PBXBuildFile; fileRef = DF6BC7431DC8BDC100CF1C64 /* NSDate+MacFormatter.m */; };
		DF6BC7651DC8BDC100CF1C64 /* NSDictionary+CLMerge.m in Sources */ = {isa = PBXBuildFile; fileRef = DF6BC7451DC8BDC100CF1C64 /* NSDictionary+CLMerge.m */; };
		DF6BC7661DC8BDC100CF1C64 /* NSDictionary+MAC.m in Sources */ = {isa = PBXBuildFile; fileRef = DF6BC7471DC8BDC100CF1C64 /* NSDictionary+MAC.m */; };
		DF6BC7671DC8BDC100CF1C64 /* NSObject+GCD.m in Sources */ = {isa = PBXBuildFile; fileRef = DF6BC7491DC8BDC100CF1C64 /* NSObject+GCD.m */; };
		DF6BC7681DC8BDC100CF1C64 /* NSObject+JKReflection.m in Sources */ = {isa = PBXBuildFile; fileRef = DF6BC74B1DC8BDC100CF1C64 /* NSObject+JKReflection.m */; };
		DF6BC7691DC8BDC100CF1C64 /* NSObject+JKRuntime.m in Sources */ = {isa = PBXBuildFile; fileRef = DF6BC74D1DC8BDC100CF1C64 /* NSObject+JKRuntime.m */; };
		DF6BC76A1DC8BDC100CF1C64 /* NSString+CLObjcSugar.m in Sources */ = {isa = PBXBuildFile; fileRef = DF6BC74F1DC8BDC100CF1C64 /* NSString+CLObjcSugar.m */; };
		DF6BC76B1DC8BDC100CF1C64 /* UIButton+CLObjcSugar.m in Sources */ = {isa = PBXBuildFile; fileRef = DF6BC7511DC8BDC100CF1C64 /* UIButton+CLObjcSugar.m */; };
		DF6BC76C1DC8BDC100CF1C64 /* UIColor+CLObjcSugar.m in Sources */ = {isa = PBXBuildFile; fileRef = DF6BC7531DC8BDC100CF1C64 /* UIColor+CLObjcSugar.m */; };
		DF6BC76D1DC8BDC100CF1C64 /* UIImage+CLObjcSugar.m in Sources */ = {isa = PBXBuildFile; fileRef = DF6BC7551DC8BDC100CF1C64 /* UIImage+CLObjcSugar.m */; };
		DF6BC76E1DC8BDC100CF1C64 /* UILabel+CLObjcSugar.m in Sources */ = {isa = PBXBuildFile; fileRef = DF6BC7571DC8BDC100CF1C64 /* UILabel+CLObjcSugar.m */; };
		DF6BC76F1DC8BDC100CF1C64 /* UINavigationController+CLObjcSugar.m in Sources */ = {isa = PBXBuildFile; fileRef = DF6BC7591DC8BDC100CF1C64 /* UINavigationController+CLObjcSugar.m */; };
		DF6BC7701DC8BDC100CF1C64 /* UIScreen+CLObjcSugar.m in Sources */ = {isa = PBXBuildFile; fileRef = DF6BC75B1DC8BDC100CF1C64 /* UIScreen+CLObjcSugar.m */; };
		DF6BC7711DC8BDC100CF1C64 /* UITextField+CLObjcSugar.m in Sources */ = {isa = PBXBuildFile; fileRef = DF6BC75D1DC8BDC100CF1C64 /* UITextField+CLObjcSugar.m */; };
		DF6BC7721DC8BDC100CF1C64 /* UITextView+Placeholder.m in Sources */ = {isa = PBXBuildFile; fileRef = DF6BC75F1DC8BDC100CF1C64 /* UITextView+Placeholder.m */; };
		DF6BC7731DC8BDC100CF1C64 /* UIView+CLObjcSugar.m in Sources */ = {isa = PBXBuildFile; fileRef = DF6BC7611DC8BDC100CF1C64 /* UIView+CLObjcSugar.m */; };
		DF70FD8B1E0A838D00AC3666 /* NSString+NSNumber.m in Sources */ = {isa = PBXBuildFile; fileRef = DF70FD8A1E0A838D00AC3666 /* NSString+NSNumber.m */; };
/* End PBXBuildFile section */

/* Begin PBXFileReference section */
		DF1100A01DC727840003EEA5 /* UIImage+Extension.h */ = {isa = PBXFileReference; fileEncoding = 4; lastKnownFileType = sourcecode.c.h; path = "UIImage+Extension.h"; sourceTree = "<group>"; };
		DF1100A11DC727840003EEA5 /* UIImage+Extension.m */ = {isa = PBXFileReference; fileEncoding = 4; lastKnownFileType = sourcecode.c.objc; path = "UIImage+Extension.m"; sourceTree = "<group>"; };
		DF5BF6FA1DC0A6FA009FE851 /* 语法糖测试.app */ = {isa = PBXFileReference; explicitFileType = wrapper.application; includeInIndex = 0; path = "语法糖测试.app"; sourceTree = BUILT_PRODUCTS_DIR; };
		DF5BF6FE1DC0A6FA009FE851 /* main.m */ = {isa = PBXFileReference; lastKnownFileType = sourcecode.c.objc; path = main.m; sourceTree = "<group>"; };
		DF5BF7001DC0A6FA009FE851 /* AppDelegate.h */ = {isa = PBXFileReference; lastKnownFileType = sourcecode.c.h; path = AppDelegate.h; sourceTree = "<group>"; };
		DF5BF7011DC0A6FA009FE851 /* AppDelegate.m */ = {isa = PBXFileReference; lastKnownFileType = sourcecode.c.objc; path = AppDelegate.m; sourceTree = "<group>"; };
		DF5BF7031DC0A6FA009FE851 /* ViewController.h */ = {isa = PBXFileReference; lastKnownFileType = sourcecode.c.h; path = ViewController.h; sourceTree = "<group>"; };
		DF5BF7041DC0A6FA009FE851 /* ViewController.m */ = {isa = PBXFileReference; lastKnownFileType = sourcecode.c.objc; path = ViewController.m; sourceTree = "<group>"; };
		DF5BF7071DC0A6FA009FE851 /* Base */ = {isa = PBXFileReference; lastKnownFileType = file.storyboard; name = Base; path = Base.lproj/Main.storyboard; sourceTree = "<group>"; };
		DF5BF7091DC0A6FA009FE851 /* Assets.xcassets */ = {isa = PBXFileReference; lastKnownFileType = folder.assetcatalog; path = Assets.xcassets; sourceTree = "<group>"; };
		DF5BF70C1DC0A6FA009FE851 /* Base */ = {isa = PBXFileReference; lastKnownFileType = file.storyboard; name = Base; path = Base.lproj/LaunchScreen.storyboard; sourceTree = "<group>"; };
		DF5BF70E1DC0A6FA009FE851 /* Info.plist */ = {isa = PBXFileReference; lastKnownFileType = text.plist.xml; path = Info.plist; sourceTree = "<group>"; };
		DF5BF7381DC0AACD009FE851 /* NSData+APNSToken.h */ = {isa = PBXFileReference; fileEncoding = 4; lastKnownFileType = sourcecode.c.h; path = "NSData+APNSToken.h"; sourceTree = "<group>"; };
		DF5BF7391DC0AACD009FE851 /* NSData+APNSToken.m */ = {isa = PBXFileReference; fileEncoding = 4; lastKnownFileType = sourcecode.c.objc; path = "NSData+APNSToken.m"; sourceTree = "<group>"; };
		DF5BF73A1DC0AACD009FE851 /* NSData+Base64.h */ = {isa = PBXFileReference; fileEncoding = 4; lastKnownFileType = sourcecode.c.h; path = "NSData+Base64.h"; sourceTree = "<group>"; };
		DF5BF73B1DC0AACD009FE851 /* NSData+Base64.m */ = {isa = PBXFileReference; fileEncoding = 4; lastKnownFileType = sourcecode.c.objc; path = "NSData+Base64.m"; sourceTree = "<group>"; };
		DF5BF73C1DC0AACD009FE851 /* NSData+Encrypt.h */ = {isa = PBXFileReference; fileEncoding = 4; lastKnownFileType = sourcecode.c.h; path = "NSData+Encrypt.h"; sourceTree = "<group>"; };
		DF5BF73D1DC0AACD009FE851 /* NSData+Encrypt.m */ = {isa = PBXFileReference; fileEncoding = 4; lastKnownFileType = sourcecode.c.objc; path = "NSData+Encrypt.m"; sourceTree = "<group>"; };
		DF5BF73E1DC0AACD009FE851 /* NSData+JKDataCache.h */ = {isa = PBXFileReference; fileEncoding = 4; lastKnownFileType = sourcecode.c.h; path = "NSData+JKDataCache.h"; sourceTree = "<group>"; };
		DF5BF73F1DC0AACD009FE851 /* NSData+JKDataCache.m */ = {isa = PBXFileReference; fileEncoding = 4; lastKnownFileType = sourcecode.c.objc; path = "NSData+JKDataCache.m"; sourceTree = "<group>"; };
		DF5BF7401DC0AACD009FE851 /* NSData+JKGzip.h */ = {isa = PBXFileReference; fileEncoding = 4; lastKnownFileType = sourcecode.c.h; path = "NSData+JKGzip.h"; sourceTree = "<group>"; };
		DF5BF7411DC0AACD009FE851 /* NSData+JKGzip.m */ = {isa = PBXFileReference; fileEncoding = 4; lastKnownFileType = sourcecode.c.objc; path = "NSData+JKGzip.m"; sourceTree = "<group>"; };
		DF5BF7421DC0AACD009FE851 /* NSData+JKzlib.h */ = {isa = PBXFileReference; fileEncoding = 4; lastKnownFileType = sourcecode.c.h; path = "NSData+JKzlib.h"; sourceTree = "<group>"; };
		DF5BF7431DC0AACD009FE851 /* NSData+JKzlib.m */ = {isa = PBXFileReference; fileEncoding = 4; lastKnownFileType = sourcecode.c.objc; path = "NSData+JKzlib.m"; sourceTree = "<group>"; };
		DF5BF7541DC0AD27009FE851 /* NSException+Trace.h */ = {isa = PBXFileReference; fileEncoding = 4; lastKnownFileType = sourcecode.c.h; path = "NSException+Trace.h"; sourceTree = "<group>"; };
		DF5BF7551DC0AD27009FE851 /* NSException+Trace.m */ = {isa = PBXFileReference; fileEncoding = 4; lastKnownFileType = sourcecode.c.objc; path = "NSException+Trace.m"; sourceTree = "<group>"; };
		DF5BF7621DC0AE93009FE851 /* NSString+HLHanZiToPinYin.h */ = {isa = PBXFileReference; fileEncoding = 4; lastKnownFileType = sourcecode.c.h; path = "NSString+HLHanZiToPinYin.h"; sourceTree = "<group>"; };
		DF5BF7631DC0AE93009FE851 /* NSString+HLHanZiToPinYin.m */ = {isa = PBXFileReference; fileEncoding = 4; lastKnownFileType = sourcecode.c.objc; path = "NSString+HLHanZiToPinYin.m"; sourceTree = "<group>"; };
		DF5BF7661DC0AE93009FE851 /* NSString+Emoji.h */ = {isa = PBXFileReference; fileEncoding = 4; lastKnownFileType = sourcecode.c.h; path = "NSString+Emoji.h"; sourceTree = "<group>"; };
		DF5BF7671DC0AE93009FE851 /* NSString+Emoji.m */ = {isa = PBXFileReference; fileEncoding = 4; lastKnownFileType = sourcecode.c.objc; path = "NSString+Emoji.m"; sourceTree = "<group>"; };
		DF5BF7681DC0AE93009FE851 /* NSString+MAC.h */ = {isa = PBXFileReference; fileEncoding = 4; lastKnownFileType = sourcecode.c.h; path = "NSString+MAC.h"; sourceTree = "<group>"; };
		DF5BF7691DC0AE93009FE851 /* NSString+MAC.m */ = {isa = PBXFileReference; fileEncoding = 4; lastKnownFileType = sourcecode.c.objc; path = "NSString+MAC.m"; sourceTree = "<group>"; };
		DF5BF76A1DC0AE93009FE851 /* NSString+MacRegexCategory.h */ = {isa = PBXFileReference; fileEncoding = 4; lastKnownFileType = sourcecode.c.h; path = "NSString+MacRegexCategory.h"; sourceTree = "<group>"; };
		DF5BF76B1DC0AE93009FE851 /* NSString+MacRegexCategory.m */ = {isa = PBXFileReference; fileEncoding = 4; lastKnownFileType = sourcecode.c.objc; path = "NSString+MacRegexCategory.m"; sourceTree = "<group>"; };
		DF5BF76C1DC0AE93009FE851 /* NSString+MIME.h */ = {isa = PBXFileReference; fileEncoding = 4; lastKnownFileType = sourcecode.c.h; path = "NSString+MIME.h"; sourceTree = "<group>"; };
		DF5BF76D1DC0AE93009FE851 /* NSString+MIME.m */ = {isa = PBXFileReference; fileEncoding = 4; lastKnownFileType = sourcecode.c.objc; path = "NSString+MIME.m"; sourceTree = "<group>"; };
		DF5BF76E1DC0AE93009FE851 /* NSString+RemoveEmoji.h */ = {isa = PBXFileReference; fileEncoding = 4; lastKnownFileType = sourcecode.c.h; path = "NSString+RemoveEmoji.h"; sourceTree = "<group>"; };
		DF5BF76F1DC0AE93009FE851 /* NSString+RemoveEmoji.m */ = {isa = PBXFileReference; fileEncoding = 4; lastKnownFileType = sourcecode.c.objc; path = "NSString+RemoveEmoji.m"; sourceTree = "<group>"; };
		DF5BF7701DC0AE93009FE851 /* NSString+Trims.h */ = {isa = PBXFileReference; fileEncoding = 4; lastKnownFileType = sourcecode.c.h; path = "NSString+Trims.h"; sourceTree = "<group>"; };
		DF5BF7711DC0AE93009FE851 /* NSString+Trims.m */ = {isa = PBXFileReference; fileEncoding = 4; lastKnownFileType = sourcecode.c.objc; path = "NSString+Trims.m"; sourceTree = "<group>"; };
		DF5BF7721DC0AE93009FE851 /* NSString+UUID.h */ = {isa = PBXFileReference; fileEncoding = 4; lastKnownFileType = sourcecode.c.h; path = "NSString+UUID.h"; sourceTree = "<group>"; };
		DF5BF7731DC0AE93009FE851 /* NSString+UUID.m */ = {isa = PBXFileReference; fileEncoding = 4; lastKnownFileType = sourcecode.c.objc; path = "NSString+UUID.m"; sourceTree = "<group>"; };
		DF5BF7741DC0AE93009FE851 /* NSStringHeader.h */ = {isa = PBXFileReference; fileEncoding = 4; lastKnownFileType = sourcecode.c.h; path = NSStringHeader.h; sourceTree = "<group>"; };
		DF5BF7761DC0AE93009FE851 /* ChineseToPinyin.h */ = {isa = PBXFileReference; fileEncoding = 4; lastKnownFileType = sourcecode.c.h; path = ChineseToPinyin.h; sourceTree = "<group>"; };
		DF5BF7771DC0AE93009FE851 /* ChineseToPinyin.m */ = {isa = PBXFileReference; fileEncoding = 4; lastKnownFileType = sourcecode.c.objc; path = ChineseToPinyin.m; sourceTree = "<group>"; };
		DF5BF7821DC0AEE1009FE851 /* MF_Base64Additions.h */ = {isa = PBXFileReference; fileEncoding = 4; lastKnownFileType = sourcecode.c.h; path = MF_Base64Additions.h; sourceTree = "<group>"; };
		DF5BF7831DC0AEE1009FE851 /* MF_Base64Additions.m */ = {isa = PBXFileReference; fileEncoding = 4; lastKnownFileType = sourcecode.c.objc; path = MF_Base64Additions.m; sourceTree = "<group>"; };
		DF5BF7861DC0AF0C009FE851 /* NSTimer+MAC.h */ = {isa = PBXFileReference; fileEncoding = 4; lastKnownFileType = sourcecode.c.h; path = "NSTimer+MAC.h"; sourceTree = "<group>"; };
		DF5BF7871DC0AF0C009FE851 /* NSTimer+MAC.m */ = {isa = PBXFileReference; fileEncoding = 4; lastKnownFileType = sourcecode.c.objc; path = "NSTimer+MAC.m"; sourceTree = "<group>"; };
		DF5BF78A1DC0AF64009FE851 /* AppleSystemService.h */ = {isa = PBXFileReference; fileEncoding = 4; lastKnownFileType = sourcecode.c.h; path = AppleSystemService.h; sourceTree = "<group>"; };
		DF5BF78B1DC0AF64009FE851 /* AppleSystemService.m */ = {isa = PBXFileReference; fileEncoding = 4; lastKnownFileType = sourcecode.c.objc; path = AppleSystemService.m; sourceTree = "<group>"; };
		DF5BF78C1DC0AF64009FE851 /* UIApplication+AppInfo.h */ = {isa = PBXFileReference; fileEncoding = 4; lastKnownFileType = sourcecode.c.h; path = "UIApplication+AppInfo.h"; sourceTree = "<group>"; };
		DF5BF78D1DC0AF64009FE851 /* UIApplication+AppInfo.m */ = {isa = PBXFileReference; fileEncoding = 4; lastKnownFileType = sourcecode.c.objc; path = "UIApplication+AppInfo.m"; sourceTree = "<group>"; };
		DF5BF7911DC0B001009FE851 /* UIButton+Block.h */ = {isa = PBXFileReference; fileEncoding = 4; lastKnownFileType = sourcecode.c.h; path = "UIButton+Block.h"; sourceTree = "<group>"; };
		DF5BF7921DC0B001009FE851 /* UIButton+Block.m */ = {isa = PBXFileReference; fileEncoding = 4; lastKnownFileType = sourcecode.c.objc; path = "UIButton+Block.m"; sourceTree = "<group>"; };
		DF5BF7931DC0B001009FE851 /* UIButton+CountDown.h */ = {isa = PBXFileReference; fileEncoding = 4; lastKnownFileType = sourcecode.c.h; path = "UIButton+CountDown.h"; sourceTree = "<group>"; };
		DF5BF7941DC0B001009FE851 /* UIButton+CountDown.m */ = {isa = PBXFileReference; fileEncoding = 4; lastKnownFileType = sourcecode.c.objc; path = "UIButton+CountDown.m"; sourceTree = "<group>"; };
		DF5BF7951DC0B001009FE851 /* UIButton+Indicator.h */ = {isa = PBXFileReference; fileEncoding = 4; lastKnownFileType = sourcecode.c.h; path = "UIButton+Indicator.h"; sourceTree = "<group>"; };
		DF5BF7961DC0B001009FE851 /* UIButton+Indicator.m */ = {isa = PBXFileReference; fileEncoding = 4; lastKnownFileType = sourcecode.c.objc; path = "UIButton+Indicator.m"; sourceTree = "<group>"; };
		DF5BF7971DC0B001009FE851 /* UIButton+LXMImagePosition.h */ = {isa = PBXFileReference; fileEncoding = 4; lastKnownFileType = sourcecode.c.h; path = "UIButton+LXMImagePosition.h"; sourceTree = "<group>"; };
		DF5BF7981DC0B001009FE851 /* UIButton+LXMImagePosition.m */ = {isa = PBXFileReference; fileEncoding = 4; lastKnownFileType = sourcecode.c.objc; path = "UIButton+LXMImagePosition.m"; sourceTree = "<group>"; };
		DF5BF7991DC0B001009FE851 /* UIButton+MAC.h */ = {isa = PBXFileReference; fileEncoding = 4; lastKnownFileType = sourcecode.c.h; path = "UIButton+MAC.h"; sourceTree = "<group>"; };
		DF5BF79A1DC0B001009FE851 /* UIButton+MAC.m */ = {isa = PBXFileReference; fileEncoding = 4; lastKnownFileType = sourcecode.c.objc; path = "UIButton+MAC.m"; sourceTree = "<group>"; };
		DF5BF79B1DC0B001009FE851 /* UIButton+MiddleAligning.h */ = {isa = PBXFileReference; fileEncoding = 4; lastKnownFileType = sourcecode.c.h; path = "UIButton+MiddleAligning.h"; sourceTree = "<group>"; };
		DF5BF79C1DC0B001009FE851 /* UIButton+MiddleAligning.m */ = {isa = PBXFileReference; fileEncoding = 4; lastKnownFileType = sourcecode.c.objc; path = "UIButton+MiddleAligning.m"; sourceTree = "<group>"; };
		DF5BF79D1DC0B001009FE851 /* UIButton+Submitting.h */ = {isa = PBXFileReference; fileEncoding = 4; lastKnownFileType = sourcecode.c.h; path = "UIButton+Submitting.h"; sourceTree = "<group>"; };
		DF5BF79E1DC0B001009FE851 /* UIButton+Submitting.m */ = {isa = PBXFileReference; fileEncoding = 4; lastKnownFileType = sourcecode.c.objc; path = "UIButton+Submitting.m"; sourceTree = "<group>"; };
		DF5BF79F1DC0B001009FE851 /* UIButton+TouchAreaInsets.h */ = {isa = PBXFileReference; fileEncoding = 4; lastKnownFileType = sourcecode.c.h; path = "UIButton+TouchAreaInsets.h"; sourceTree = "<group>"; };
		DF5BF7A01DC0B001009FE851 /* UIButton+TouchAreaInsets.m */ = {isa = PBXFileReference; fileEncoding = 4; lastKnownFileType = sourcecode.c.objc; path = "UIButton+TouchAreaInsets.m"; sourceTree = "<group>"; };
		DF5BF7A11DC0B001009FE851 /* UIButtonHeader.h */ = {isa = PBXFileReference; fileEncoding = 4; lastKnownFileType = sourcecode.c.h; path = UIButtonHeader.h; sourceTree = "<group>"; };
		DF5BF7AB1DC0B0CD009FE851 /* UIImage+Additions.h */ = {isa = PBXFileReference; fileEncoding = 4; lastKnownFileType = sourcecode.c.h; path = "UIImage+Additions.h"; sourceTree = "<group>"; };
		DF5BF7AC1DC0B0CD009FE851 /* UIImage+Additions.m */ = {isa = PBXFileReference; fileEncoding = 4; lastKnownFileType = sourcecode.c.objc; path = "UIImage+Additions.m"; sourceTree = "<group>"; };
		DF5BF7AD1DC0B0CD009FE851 /* UIImage+SuperCompress.h */ = {isa = PBXFileReference; fileEncoding = 4; lastKnownFileType = sourcecode.c.h; path = "UIImage+SuperCompress.h"; sourceTree = "<group>"; };
		DF5BF7AE1DC0B0CD009FE851 /* UIImage+SuperCompress.m */ = {isa = PBXFileReference; fileEncoding = 4; lastKnownFileType = sourcecode.c.objc; path = "UIImage+SuperCompress.m"; sourceTree = "<group>"; };
		DF5BF7AF1DC0B0CD009FE851 /* UIImageHeader.h */ = {isa = PBXFileReference; fileEncoding = 4; lastKnownFileType = sourcecode.c.h; path = UIImageHeader.h; sourceTree = "<group>"; };
		DF5BF7B51DC0B2A3009FE851 /* UIImageView+Addition.h */ = {isa = PBXFileReference; fileEncoding = 4; lastKnownFileType = sourcecode.c.h; path = "UIImageView+Addition.h"; sourceTree = "<group>"; };
		DF5BF7B61DC0B2A3009FE851 /* UIImageView+Addition.m */ = {isa = PBXFileReference; fileEncoding = 4; lastKnownFileType = sourcecode.c.objc; path = "UIImageView+Addition.m"; sourceTree = "<group>"; };
		DF5BF7B91DC0B2A3009FE851 /* UIImageView+Letters.h */ = {isa = PBXFileReference; fileEncoding = 4; lastKnownFileType = sourcecode.c.h; path = "UIImageView+Letters.h"; sourceTree = "<group>"; };
		DF5BF7BA1DC0B2A3009FE851 /* UIImageView+Letters.m */ = {isa = PBXFileReference; fileEncoding = 4; lastKnownFileType = sourcecode.c.objc; path = "UIImageView+Letters.m"; sourceTree = "<group>"; };
		DF5BF7BB1DC0B2A3009FE851 /* UIImageView+Reflect.h */ = {isa = PBXFileReference; fileEncoding = 4; lastKnownFileType = sourcecode.c.h; path = "UIImageView+Reflect.h"; sourceTree = "<group>"; };
		DF5BF7BC1DC0B2A3009FE851 /* UIImageView+Reflect.m */ = {isa = PBXFileReference; fileEncoding = 4; lastKnownFileType = sourcecode.c.objc; path = "UIImageView+Reflect.m"; sourceTree = "<group>"; };
		DF5BF7BD1DC0B2A3009FE851 /* UIImageViewHeader.h */ = {isa = PBXFileReference; fileEncoding = 4; lastKnownFileType = sourcecode.c.h; path = UIImageViewHeader.h; sourceTree = "<group>"; };
		DF5BF7C41DC0B2C0009FE851 /* UIResponder+Chain.h */ = {isa = PBXFileReference; fileEncoding = 4; lastKnownFileType = sourcecode.c.h; path = "UIResponder+Chain.h"; sourceTree = "<group>"; };
		DF5BF7C51DC0B2C0009FE851 /* UIResponder+Chain.m */ = {isa = PBXFileReference; fileEncoding = 4; lastKnownFileType = sourcecode.c.objc; path = "UIResponder+Chain.m"; sourceTree = "<group>"; };
		DF5BF7C61DC0B2C0009FE851 /* UIResponder+FirstResponder.h */ = {isa = PBXFileReference; fileEncoding = 4; lastKnownFileType = sourcecode.c.h; path = "UIResponder+FirstResponder.h"; sourceTree = "<group>"; };
		DF5BF7C71DC0B2C0009FE851 /* UIResponder+FirstResponder.m */ = {isa = PBXFileReference; fileEncoding = 4; lastKnownFileType = sourcecode.c.objc; path = "UIResponder+FirstResponder.m"; sourceTree = "<group>"; };
		DF5BF7C81DC0B2C0009FE851 /* UIResponder+UIAdapt.h */ = {isa = PBXFileReference; fileEncoding = 4; lastKnownFileType = sourcecode.c.h; path = "UIResponder+UIAdapt.h"; sourceTree = "<group>"; };
		DF5BF7C91DC0B2C0009FE851 /* UIResponder+UIAdapt.m */ = {isa = PBXFileReference; fileEncoding = 4; lastKnownFileType = sourcecode.c.objc; path = "UIResponder+UIAdapt.m"; sourceTree = "<group>"; };
		DF5BF7D21DC0B4E5009FE851 /* EAFeatureItem.h */ = {isa = PBXFileReference; fileEncoding = 4; lastKnownFileType = sourcecode.c.h; path = EAFeatureItem.h; sourceTree = "<group>"; };
		DF5BF7D31DC0B4E5009FE851 /* EAFeatureItem.m */ = {isa = PBXFileReference; fileEncoding = 4; lastKnownFileType = sourcecode.c.objc; path = EAFeatureItem.m; sourceTree = "<group>"; };
		DF5BF7D41DC0B4E5009FE851 /* UIView+EAFeatureGuideView.h */ = {isa = PBXFileReference; fileEncoding = 4; lastKnownFileType = sourcecode.c.h; path = "UIView+EAFeatureGuideView.h"; sourceTree = "<group>"; };
		DF5BF7D51DC0B4E5009FE851 /* UIView+EAFeatureGuideView.m */ = {isa = PBXFileReference; fileEncoding = 4; lastKnownFileType = sourcecode.c.objc; path = "UIView+EAFeatureGuideView.m"; sourceTree = "<group>"; };
		DF5BF7D61DC0B4E5009FE851 /* UIView+AnimationProperty.h */ = {isa = PBXFileReference; fileEncoding = 4; lastKnownFileType = sourcecode.c.h; path = "UIView+AnimationProperty.h"; sourceTree = "<group>"; };
		DF5BF7D71DC0B4E5009FE851 /* UIView+AnimationProperty.m */ = {isa = PBXFileReference; fileEncoding = 4; lastKnownFileType = sourcecode.c.objc; path = "UIView+AnimationProperty.m"; sourceTree = "<group>"; };
		DF5BF7D81DC0B4E5009FE851 /* UIView+BlockGesture.h */ = {isa = PBXFileReference; fileEncoding = 4; lastKnownFileType = sourcecode.c.h; path = "UIView+BlockGesture.h"; sourceTree = "<group>"; };
		DF5BF7D91DC0B4E5009FE851 /* UIView+BlockGesture.m */ = {isa = PBXFileReference; fileEncoding = 4; lastKnownFileType = sourcecode.c.objc; path = "UIView+BlockGesture.m"; sourceTree = "<group>"; };
		DF5BF7DA1DC0B4E5009FE851 /* UIView+Blur.h */ = {isa = PBXFileReference; fileEncoding = 4; lastKnownFileType = sourcecode.c.h; path = "UIView+Blur.h"; sourceTree = "<group>"; };
		DF5BF7DB1DC0B4E5009FE851 /* UIView+Blur.m */ = {isa = PBXFileReference; fileEncoding = 4; lastKnownFileType = sourcecode.c.objc; path = "UIView+Blur.m"; sourceTree = "<group>"; };
		DF5BF7DC1DC0B4E5009FE851 /* UIView+Find.h */ = {isa = PBXFileReference; fileEncoding = 4; lastKnownFileType = sourcecode.c.h; path = "UIView+Find.h"; sourceTree = "<group>"; };
		DF5BF7DD1DC0B4E5009FE851 /* UIView+Find.m */ = {isa = PBXFileReference; fileEncoding = 4; lastKnownFileType = sourcecode.c.objc; path = "UIView+Find.m"; sourceTree = "<group>"; };
		DF5BF7DE1DC0B4E5009FE851 /* UIView+GestureCallback.h */ = {isa = PBXFileReference; fileEncoding = 4; lastKnownFileType = sourcecode.c.h; path = "UIView+GestureCallback.h"; sourceTree = "<group>"; };
		DF5BF7DF1DC0B4E5009FE851 /* UIView+GestureCallback.m */ = {isa = PBXFileReference; fileEncoding = 4; lastKnownFileType = sourcecode.c.objc; path = "UIView+GestureCallback.m"; sourceTree = "<group>"; };
		DF5BF7E01DC0B4E5009FE851 /* UIView+GlowView.h */ = {isa = PBXFileReference; fileEncoding = 4; lastKnownFileType = sourcecode.c.h; path = "UIView+GlowView.h"; sourceTree = "<group>"; };
		DF5BF7E11DC0B4E5009FE851 /* UIView+GlowView.m */ = {isa = PBXFileReference; fileEncoding = 4; lastKnownFileType = sourcecode.c.objc; path = "UIView+GlowView.m"; sourceTree = "<group>"; };
		DF5BF7E21DC0B4E5009FE851 /* UIView+MAC.h */ = {isa = PBXFileReference; fileEncoding = 4; lastKnownFileType = sourcecode.c.h; path = "UIView+MAC.h"; sourceTree = "<group>"; };
		DF5BF7E31DC0B4E5009FE851 /* UIView+MAC.m */ = {isa = PBXFileReference; fileEncoding = 4; lastKnownFileType = sourcecode.c.objc; path = "UIView+MAC.m"; sourceTree = "<group>"; };
		DF5BF7E41DC0B4E5009FE851 /* UIView+Nib.h */ = {isa = PBXFileReference; fileEncoding = 4; lastKnownFileType = sourcecode.c.h; path = "UIView+Nib.h"; sourceTree = "<group>"; };
		DF5BF7E51DC0B4E5009FE851 /* UIView+Nib.m */ = {isa = PBXFileReference; fileEncoding = 4; lastKnownFileType = sourcecode.c.objc; path = "UIView+Nib.m"; sourceTree = "<group>"; };
		DF5BF7E61DC0B4E5009FE851 /* UIView+RecursiveDescription.h */ = {isa = PBXFileReference; fileEncoding = 4; lastKnownFileType = sourcecode.c.h; path = "UIView+RecursiveDescription.h"; sourceTree = "<group>"; };
		DF5BF7E71DC0B4E5009FE851 /* UIView+RecursiveDescription.m */ = {isa = PBXFileReference; fileEncoding = 4; lastKnownFileType = sourcecode.c.objc; path = "UIView+RecursiveDescription.m"; sourceTree = "<group>"; };
		DF5BF7E81DC0B4E5009FE851 /* UIView+Screenshot.h */ = {isa = PBXFileReference; fileEncoding = 4; lastKnownFileType = sourcecode.c.h; path = "UIView+Screenshot.h"; sourceTree = "<group>"; };
		DF5BF7E91DC0B4E5009FE851 /* UIView+Screenshot.m */ = {isa = PBXFileReference; fileEncoding = 4; lastKnownFileType = sourcecode.c.objc; path = "UIView+Screenshot.m"; sourceTree = "<group>"; };
		DF5BF7EA1DC0B4E5009FE851 /* UIView+Shake.h */ = {isa = PBXFileReference; fileEncoding = 4; lastKnownFileType = sourcecode.c.h; path = "UIView+Shake.h"; sourceTree = "<group>"; };
		DF5BF7EB1DC0B4E5009FE851 /* UIView+Shake.m */ = {isa = PBXFileReference; fileEncoding = 4; lastKnownFileType = sourcecode.c.objc; path = "UIView+Shake.m"; sourceTree = "<group>"; };
		DF5BF7EC1DC0B4E5009FE851 /* UIView+ViewController.h */ = {isa = PBXFileReference; fileEncoding = 4; lastKnownFileType = sourcecode.c.h; path = "UIView+ViewController.h"; sourceTree = "<group>"; };
		DF5BF7ED1DC0B4E5009FE851 /* UIView+ViewController.m */ = {isa = PBXFileReference; fileEncoding = 4; lastKnownFileType = sourcecode.c.objc; path = "UIView+ViewController.m"; sourceTree = "<group>"; };
		DF5BF7EE1DC0B4E5009FE851 /* UIViewHeader.h */ = {isa = PBXFileReference; fileEncoding = 4; lastKnownFileType = sourcecode.c.h; path = UIViewHeader.h; sourceTree = "<group>"; };
		DF5BF7FE1DC0B508009FE851 /* UIWebView+Blocks.h */ = {isa = PBXFileReference; fileEncoding = 4; lastKnownFileType = sourcecode.c.h; path = "UIWebView+Blocks.h"; sourceTree = "<group>"; };
		DF5BF7FF1DC0B508009FE851 /* UIWebView+Blocks.m */ = {isa = PBXFileReference; fileEncoding = 4; lastKnownFileType = sourcecode.c.objc; path = "UIWebView+Blocks.m"; sourceTree = "<group>"; };
		DF5BF8021DC0B5E0009FE851 /* GCD.h */ = {isa = PBXFileReference; fileEncoding = 4; lastKnownFileType = sourcecode.c.h; path = GCD.h; sourceTree = "<group>"; };
		DF5BF8031DC0B5E0009FE851 /* GCDGroup.h */ = {isa = PBXFileReference; fileEncoding = 4; lastKnownFileType = sourcecode.c.h; path = GCDGroup.h; sourceTree = "<group>"; };
		DF5BF8041DC0B5E0009FE851 /* GCDGroup.m */ = {isa = PBXFileReference; fileEncoding = 4; lastKnownFileType = sourcecode.c.objc; path = GCDGroup.m; sourceTree = "<group>"; };
		DF5BF8051DC0B5E0009FE851 /* GCDQueue.h */ = {isa = PBXFileReference; fileEncoding = 4; lastKnownFileType = sourcecode.c.h; path = GCDQueue.h; sourceTree = "<group>"; };
		DF5BF8061DC0B5E0009FE851 /* GCDQueue.m */ = {isa = PBXFileReference; fileEncoding = 4; lastKnownFileType = sourcecode.c.objc; path = GCDQueue.m; sourceTree = "<group>"; };
		DF5BF8071DC0B5E0009FE851 /* GCDSemaphore.h */ = {isa = PBXFileReference; fileEncoding = 4; lastKnownFileType = sourcecode.c.h; path = GCDSemaphore.h; sourceTree = "<group>"; };
		DF5BF8081DC0B5E0009FE851 /* GCDSemaphore.m */ = {isa = PBXFileReference; fileEncoding = 4; lastKnownFileType = sourcecode.c.objc; path = GCDSemaphore.m; sourceTree = "<group>"; };
		DF5BF8091DC0B5E0009FE851 /* GCDTimer.h */ = {isa = PBXFileReference; fileEncoding = 4; lastKnownFileType = sourcecode.c.h; path = GCDTimer.h; sourceTree = "<group>"; };
		DF5BF80A1DC0B5E0009FE851 /* GCDTimer.m */ = {isa = PBXFileReference; fileEncoding = 4; lastKnownFileType = sourcecode.c.objc; path = GCDTimer.m; sourceTree = "<group>"; };
		DF5BF80C1DC0B5E0009FE851 /* LocalPushCenter.h */ = {isa = PBXFileReference; fileEncoding = 4; lastKnownFileType = sourcecode.c.h; path = LocalPushCenter.h; sourceTree = "<group>"; };
		DF5BF80D1DC0B5E0009FE851 /* LocalPushCenter.m */ = {isa = PBXFileReference; fileEncoding = 4; lastKnownFileType = sourcecode.c.objc; path = LocalPushCenter.m; sourceTree = "<group>"; };
		DF6BC7351DC8AD8300CF1C64 /* UINavigationBar+PPSNavigationBar.h */ = {isa = PBXFileReference; fileEncoding = 4; lastKnownFileType = sourcecode.c.h; path = "UINavigationBar+PPSNavigationBar.h"; sourceTree = "<group>"; };
		DF6BC7361DC8AD8300CF1C64 /* UINavigationBar+PPSNavigationBar.m */ = {isa = PBXFileReference; fileEncoding = 4; lastKnownFileType = sourcecode.c.objc; path = "UINavigationBar+PPSNavigationBar.m"; sourceTree = "<group>"; };
		DF6BC7391DC8AE3500CF1C64 /* Reachability.h */ = {isa = PBXFileReference; fileEncoding = 4; lastKnownFileType = sourcecode.c.h; path = Reachability.h; sourceTree = "<group>"; };
		DF6BC73A1DC8AE3500CF1C64 /* Reachability.m */ = {isa = PBXFileReference; fileEncoding = 4; lastKnownFileType = sourcecode.c.objc; path = Reachability.m; sourceTree = "<group>"; };
		DF6BC73D1DC8BDC100CF1C64 /* CLObjcSugar.h */ = {isa = PBXFileReference; fileEncoding = 4; lastKnownFileType = sourcecode.c.h; path = CLObjcSugar.h; sourceTree = "<group>"; };
		DF6BC73E1DC8BDC100CF1C64 /* NSBundle+CLObjcSugar.h */ = {isa = PBXFileReference; fileEncoding = 4; lastKnownFileType = sourcecode.c.h; path = "NSBundle+CLObjcSugar.h"; sourceTree = "<group>"; };
		DF6BC73F1DC8BDC100CF1C64 /* NSBundle+CLObjcSugar.m */ = {isa = PBXFileReference; fileEncoding = 4; lastKnownFileType = sourcecode.c.objc; path = "NSBundle+CLObjcSugar.m"; sourceTree = "<group>"; };
		DF6BC7401DC8BDC100CF1C64 /* NSDate+CLObjcSugar.h */ = {isa = PBXFileReference; fileEncoding = 4; lastKnownFileType = sourcecode.c.h; path = "NSDate+CLObjcSugar.h"; sourceTree = "<group>"; };
		DF6BC7411DC8BDC100CF1C64 /* NSDate+CLObjcSugar.m */ = {isa = PBXFileReference; fileEncoding = 4; lastKnownFileType = sourcecode.c.objc; path = "NSDate+CLObjcSugar.m"; sourceTree = "<group>"; };
		DF6BC7421DC8BDC100CF1C64 /* NSDate+MacFormatter.h */ = {isa = PBXFileReference; fileEncoding = 4; lastKnownFileType = sourcecode.c.h; path = "NSDate+MacFormatter.h"; sourceTree = "<group>"; };
		DF6BC7431DC8BDC100CF1C64 /* NSDate+MacFormatter.m */ = {isa = PBXFileReference; fileEncoding = 4; lastKnownFileType = sourcecode.c.objc; path = "NSDate+MacFormatter.m"; sourceTree = "<group>"; };
		DF6BC7441DC8BDC100CF1C64 /* NSDictionary+CLMerge.h */ = {isa = PBXFileReference; fileEncoding = 4; lastKnownFileType = sourcecode.c.h; path = "NSDictionary+CLMerge.h"; sourceTree = "<group>"; };
		DF6BC7451DC8BDC100CF1C64 /* NSDictionary+CLMerge.m */ = {isa = PBXFileReference; fileEncoding = 4; lastKnownFileType = sourcecode.c.objc; path = "NSDictionary+CLMerge.m"; sourceTree = "<group>"; };
		DF6BC7461DC8BDC100CF1C64 /* NSDictionary+MAC.h */ = {isa = PBXFileReference; fileEncoding = 4; lastKnownFileType = sourcecode.c.h; path = "NSDictionary+MAC.h"; sourceTree = "<group>"; };
		DF6BC7471DC8BDC100CF1C64 /* NSDictionary+MAC.m */ = {isa = PBXFileReference; fileEncoding = 4; lastKnownFileType = sourcecode.c.objc; path = "NSDictionary+MAC.m"; sourceTree = "<group>"; };
		DF6BC7481DC8BDC100CF1C64 /* NSObject+GCD.h */ = {isa = PBXFileReference; fileEncoding = 4; lastKnownFileType = sourcecode.c.h; path = "NSObject+GCD.h"; sourceTree = "<group>"; };
		DF6BC7491DC8BDC100CF1C64 /* NSObject+GCD.m */ = {isa = PBXFileReference; fileEncoding = 4; lastKnownFileType = sourcecode.c.objc; path = "NSObject+GCD.m"; sourceTree = "<group>"; };
		DF6BC74A1DC8BDC100CF1C64 /* NSObject+JKReflection.h */ = {isa = PBXFileReference; fileEncoding = 4; lastKnownFileType = sourcecode.c.h; path = "NSObject+JKReflection.h"; sourceTree = "<group>"; };
		DF6BC74B1DC8BDC100CF1C64 /* NSObject+JKReflection.m */ = {isa = PBXFileReference; fileEncoding = 4; lastKnownFileType = sourcecode.c.objc; path = "NSObject+JKReflection.m"; sourceTree = "<group>"; };
		DF6BC74C1DC8BDC100CF1C64 /* NSObject+JKRuntime.h */ = {isa = PBXFileReference; fileEncoding = 4; lastKnownFileType = sourcecode.c.h; path = "NSObject+JKRuntime.h"; sourceTree = "<group>"; };
		DF6BC74D1DC8BDC100CF1C64 /* NSObject+JKRuntime.m */ = {isa = PBXFileReference; fileEncoding = 4; lastKnownFileType = sourcecode.c.objc; path = "NSObject+JKRuntime.m"; sourceTree = "<group>"; };
		DF6BC74E1DC8BDC100CF1C64 /* NSString+CLObjcSugar.h */ = {isa = PBXFileReference; fileEncoding = 4; lastKnownFileType = sourcecode.c.h; path = "NSString+CLObjcSugar.h"; sourceTree = "<group>"; };
		DF6BC74F1DC8BDC100CF1C64 /* NSString+CLObjcSugar.m */ = {isa = PBXFileReference; fileEncoding = 4; lastKnownFileType = sourcecode.c.objc; path = "NSString+CLObjcSugar.m"; sourceTree = "<group>"; };
		DF6BC7501DC8BDC100CF1C64 /* UIButton+CLObjcSugar.h */ = {isa = PBXFileReference; fileEncoding = 4; lastKnownFileType = sourcecode.c.h; path = "UIButton+CLObjcSugar.h"; sourceTree = "<group>"; };
		DF6BC7511DC8BDC100CF1C64 /* UIButton+CLObjcSugar.m */ = {isa = PBXFileReference; fileEncoding = 4; lastKnownFileType = sourcecode.c.objc; path = "UIButton+CLObjcSugar.m"; sourceTree = "<group>"; };
		DF6BC7521DC8BDC100CF1C64 /* UIColor+CLObjcSugar.h */ = {isa = PBXFileReference; fileEncoding = 4; lastKnownFileType = sourcecode.c.h; path = "UIColor+CLObjcSugar.h"; sourceTree = "<group>"; };
		DF6BC7531DC8BDC100CF1C64 /* UIColor+CLObjcSugar.m */ = {isa = PBXFileReference; fileEncoding = 4; lastKnownFileType = sourcecode.c.objc; path = "UIColor+CLObjcSugar.m"; sourceTree = "<group>"; };
		DF6BC7541DC8BDC100CF1C64 /* UIImage+CLObjcSugar.h */ = {isa = PBXFileReference; fileEncoding = 4; lastKnownFileType = sourcecode.c.h; path = "UIImage+CLObjcSugar.h"; sourceTree = "<group>"; };
		DF6BC7551DC8BDC100CF1C64 /* UIImage+CLObjcSugar.m */ = {isa = PBXFileReference; fileEncoding = 4; lastKnownFileType = sourcecode.c.objc; path = "UIImage+CLObjcSugar.m"; sourceTree = "<group>"; };
		DF6BC7561DC8BDC100CF1C64 /* UILabel+CLObjcSugar.h */ = {isa = PBXFileReference; fileEncoding = 4; lastKnownFileType = sourcecode.c.h; path = "UILabel+CLObjcSugar.h"; sourceTree = "<group>"; };
		DF6BC7571DC8BDC100CF1C64 /* UILabel+CLObjcSugar.m */ = {isa = PBXFileReference; fileEncoding = 4; lastKnownFileType = sourcecode.c.objc; path = "UILabel+CLObjcSugar.m"; sourceTree = "<group>"; };
		DF6BC7581DC8BDC100CF1C64 /* UINavigationController+CLObjcSugar.h */ = {isa = PBXFileReference; fileEncoding = 4; lastKnownFileType = sourcecode.c.h; path = "UINavigationController+CLObjcSugar.h"; sourceTree = "<group>"; };
		DF6BC7591DC8BDC100CF1C64 /* UINavigationController+CLObjcSugar.m */ = {isa = PBXFileReference; fileEncoding = 4; lastKnownFileType = sourcecode.c.objc; path = "UINavigationController+CLObjcSugar.m"; sourceTree = "<group>"; };
		DF6BC75A1DC8BDC100CF1C64 /* UIScreen+CLObjcSugar.h */ = {isa = PBXFileReference; fileEncoding = 4; lastKnownFileType = sourcecode.c.h; path = "UIScreen+CLObjcSugar.h"; sourceTree = "<group>"; };
		DF6BC75B1DC8BDC100CF1C64 /* UIScreen+CLObjcSugar.m */ = {isa = PBXFileReference; fileEncoding = 4; lastKnownFileType = sourcecode.c.objc; path = "UIScreen+CLObjcSugar.m"; sourceTree = "<group>"; };
		DF6BC75C1DC8BDC100CF1C64 /* UITextField+CLObjcSugar.h */ = {isa = PBXFileReference; fileEncoding = 4; lastKnownFileType = sourcecode.c.h; path = "UITextField+CLObjcSugar.h"; sourceTree = "<group>"; };
		DF6BC75D1DC8BDC100CF1C64 /* UITextField+CLObjcSugar.m */ = {isa = PBXFileReference; fileEncoding = 4; lastKnownFileType = sourcecode.c.objc; path = "UITextField+CLObjcSugar.m"; sourceTree = "<group>"; };
		DF6BC75E1DC8BDC100CF1C64 /* UITextView+Placeholder.h */ = {isa = PBXFileReference; fileEncoding = 4; lastKnownFileType = sourcecode.c.h; path = "UITextView+Placeholder.h"; sourceTree = "<group>"; };
		DF6BC75F1DC8BDC100CF1C64 /* UITextView+Placeholder.m */ = {isa = PBXFileReference; fileEncoding = 4; lastKnownFileType = sourcecode.c.objc; path = "UITextView+Placeholder.m"; sourceTree = "<group>"; };
		DF6BC7601DC8BDC100CF1C64 /* UIView+CLObjcSugar.h */ = {isa = PBXFileReference; fileEncoding = 4; lastKnownFileType = sourcecode.c.h; path = "UIView+CLObjcSugar.h"; sourceTree = "<group>"; };
		DF6BC7611DC8BDC100CF1C64 /* UIView+CLObjcSugar.m */ = {isa = PBXFileReference; fileEncoding = 4; lastKnownFileType = sourcecode.c.objc; path = "UIView+CLObjcSugar.m"; sourceTree = "<group>"; };
		DF70FD891E0A838D00AC3666 /* NSString+NSNumber.h */ = {isa = PBXFileReference; fileEncoding = 4; lastKnownFileType = sourcecode.c.h; path = "NSString+NSNumber.h"; sourceTree = "<group>"; };
		DF70FD8A1E0A838D00AC3666 /* NSString+NSNumber.m */ = {isa = PBXFileReference; fileEncoding = 4; lastKnownFileType = sourcecode.c.objc; path = "NSString+NSNumber.m"; sourceTree = "<group>"; };
/* End PBXFileReference section */

/* Begin PBXFrameworksBuildPhase section */
		DF5BF6F71DC0A6FA009FE851 /* Frameworks */ = {
			isa = PBXFrameworksBuildPhase;
			buildActionMask = 2147483647;
			files = (
			);
			runOnlyForDeploymentPostprocessing = 0;
		};
/* End PBXFrameworksBuildPhase section */

/* Begin PBXGroup section */
		DF5BF6F11DC0A6F9009FE851 = {
			isa = PBXGroup;
			children = (
				DF5BF6FC1DC0A6FA009FE851 /* 语法糖测试 */,
				DF5BF6FB1DC0A6FA009FE851 /* Products */,
			);
			sourceTree = "<group>";
		};
		DF5BF6FB1DC0A6FA009FE851 /* Products */ = {
			isa = PBXGroup;
			children = (
				DF5BF6FA1DC0A6FA009FE851 /* 语法糖测试.app */,
			);
			name = Products;
			sourceTree = "<group>";
		};
		DF5BF6FC1DC0A6FA009FE851 /* 语法糖测试 */ = {
			isa = PBXGroup;
			children = (
				DF6BC73C1DC8BDC100CF1C64 /* ObjcSugar */,
				DF6BC7381DC8AE2C00CF1C64 /* Reachability */,
				DF6BC7341DC8AD7300CF1C64 /* UINavigationBar */,
				DF5BF8011DC0B5E0009FE851 /* GCD */,
				DF5BF80B1DC0B5E0009FE851 /* LocalPushCenter */,
				DF5BF7FD1DC0B508009FE851 /* UIWebView */,
				DF5BF7D01DC0B4E5009FE851 /* UIView */,
				DF5BF7C31DC0B2C0009FE851 /* UIResponder */,
				DF5BF7B21DC0B2A3009FE851 /* UIImageView */,
				DF5BF7AA1DC0B0CD009FE851 /* UIImage */,
				DF5BF7901DC0B001009FE851 /* UIButton */,
				DF5BF7891DC0AF64009FE851 /* UIApplication */,
				DF5BF7851DC0AF0C009FE851 /* NSTimer */,
				DF5BF7601DC0AE93009FE851 /* NSString */,
				DF5BF7531DC0AD27009FE851 /* NSException */,
				DF5BF7371DC0AACD009FE851 /* NSData */,
				DF5BF7001DC0A6FA009FE851 /* AppDelegate.h */,
				DF5BF7011DC0A6FA009FE851 /* AppDelegate.m */,
				DF5BF7031DC0A6FA009FE851 /* ViewController.h */,
				DF5BF7041DC0A6FA009FE851 /* ViewController.m */,
				DF5BF7061DC0A6FA009FE851 /* Main.storyboard */,
				DF5BF7091DC0A6FA009FE851 /* Assets.xcassets */,
				DF5BF70B1DC0A6FA009FE851 /* LaunchScreen.storyboard */,
				DF5BF70E1DC0A6FA009FE851 /* Info.plist */,
				DF5BF6FD1DC0A6FA009FE851 /* Supporting Files */,
			);
			path = "语法糖测试";
			sourceTree = "<group>";
		};
		DF5BF6FD1DC0A6FA009FE851 /* Supporting Files */ = {
			isa = PBXGroup;
			children = (
				DF5BF6FE1DC0A6FA009FE851 /* main.m */,
			);
			name = "Supporting Files";
			sourceTree = "<group>";
		};
		DF5BF7371DC0AACD009FE851 /* NSData */ = {
			isa = PBXGroup;
			children = (
				DF5BF7381DC0AACD009FE851 /* NSData+APNSToken.h */,
				DF5BF7391DC0AACD009FE851 /* NSData+APNSToken.m */,
				DF5BF73A1DC0AACD009FE851 /* NSData+Base64.h */,
				DF5BF73B1DC0AACD009FE851 /* NSData+Base64.m */,
				DF5BF73C1DC0AACD009FE851 /* NSData+Encrypt.h */,
				DF5BF73D1DC0AACD009FE851 /* NSData+Encrypt.m */,
				DF5BF73E1DC0AACD009FE851 /* NSData+JKDataCache.h */,
				DF5BF73F1DC0AACD009FE851 /* NSData+JKDataCache.m */,
				DF5BF7401DC0AACD009FE851 /* NSData+JKGzip.h */,
				DF5BF7411DC0AACD009FE851 /* NSData+JKGzip.m */,
				DF5BF7421DC0AACD009FE851 /* NSData+JKzlib.h */,
				DF5BF7431DC0AACD009FE851 /* NSData+JKzlib.m */,
			);
			path = NSData;
			sourceTree = "<group>";
		};
		DF5BF7531DC0AD27009FE851 /* NSException */ = {
			isa = PBXGroup;
			children = (
				DF5BF7541DC0AD27009FE851 /* NSException+Trace.h */,
				DF5BF7551DC0AD27009FE851 /* NSException+Trace.m */,
			);
			path = NSException;
			sourceTree = "<group>";
		};
		DF5BF7601DC0AE93009FE851 /* NSString */ = {
			isa = PBXGroup;
			children = (
				DF5BF7611DC0AE93009FE851 /* HanZiToPingYin(汉字转成拼音) */,
				DF5BF7661DC0AE93009FE851 /* NSString+Emoji.h */,
				DF5BF7671DC0AE93009FE851 /* NSString+Emoji.m */,
				DF5BF7681DC0AE93009FE851 /* NSString+MAC.h */,
				DF5BF7691DC0AE93009FE851 /* NSString+MAC.m */,
				DF5BF76A1DC0AE93009FE851 /* NSString+MacRegexCategory.h */,
				DF5BF76B1DC0AE93009FE851 /* NSString+MacRegexCategory.m */,
				DF5BF76C1DC0AE93009FE851 /* NSString+MIME.h */,
				DF5BF76D1DC0AE93009FE851 /* NSString+MIME.m */,
				DF5BF76E1DC0AE93009FE851 /* NSString+RemoveEmoji.h */,
				DF5BF76F1DC0AE93009FE851 /* NSString+RemoveEmoji.m */,
				DF5BF7701DC0AE93009FE851 /* NSString+Trims.h */,
				DF5BF7711DC0AE93009FE851 /* NSString+Trims.m */,
				DF5BF7721DC0AE93009FE851 /* NSString+UUID.h */,
				DF5BF7731DC0AE93009FE851 /* NSString+UUID.m */,
				DF70FD891E0A838D00AC3666 /* NSString+NSNumber.h */,
				DF70FD8A1E0A838D00AC3666 /* NSString+NSNumber.m */,
				DF5BF7741DC0AE93009FE851 /* NSStringHeader.h */,
				DF5BF7751DC0AE93009FE851 /* Pinyin */,
			);
			path = NSString;
			sourceTree = "<group>";
		};
		DF5BF7611DC0AE93009FE851 /* HanZiToPingYin(汉字转成拼音) */ = {
			isa = PBXGroup;
			children = (
				DF5BF7821DC0AEE1009FE851 /* MF_Base64Additions.h */,
				DF5BF7831DC0AEE1009FE851 /* MF_Base64Additions.m */,
				DF5BF7621DC0AE93009FE851 /* NSString+HLHanZiToPinYin.h */,
				DF5BF7631DC0AE93009FE851 /* NSString+HLHanZiToPinYin.m */,
			);
			path = "HanZiToPingYin(汉字转成拼音)";
			sourceTree = "<group>";
		};
		DF5BF7751DC0AE93009FE851 /* Pinyin */ = {
			isa = PBXGroup;
			children = (
				DF5BF7761DC0AE93009FE851 /* ChineseToPinyin.h */,
				DF5BF7771DC0AE93009FE851 /* ChineseToPinyin.m */,
			);
			path = Pinyin;
			sourceTree = "<group>";
		};
		DF5BF7851DC0AF0C009FE851 /* NSTimer */ = {
			isa = PBXGroup;
			children = (
				DF5BF7861DC0AF0C009FE851 /* NSTimer+MAC.h */,
				DF5BF7871DC0AF0C009FE851 /* NSTimer+MAC.m */,
			);
			path = NSTimer;
			sourceTree = "<group>";
		};
		DF5BF7891DC0AF64009FE851 /* UIApplication */ = {
			isa = PBXGroup;
			children = (
				DF5BF78A1DC0AF64009FE851 /* AppleSystemService.h */,
				DF5BF78B1DC0AF64009FE851 /* AppleSystemService.m */,
				DF5BF78C1DC0AF64009FE851 /* UIApplication+AppInfo.h */,
				DF5BF78D1DC0AF64009FE851 /* UIApplication+AppInfo.m */,
			);
			path = UIApplication;
			sourceTree = "<group>";
		};
		DF5BF7901DC0B001009FE851 /* UIButton */ = {
			isa = PBXGroup;
			children = (
				DF5BF7911DC0B001009FE851 /* UIButton+Block.h */,
				DF5BF7921DC0B001009FE851 /* UIButton+Block.m */,
				DF5BF7931DC0B001009FE851 /* UIButton+CountDown.h */,
				DF5BF7941DC0B001009FE851 /* UIButton+CountDown.m */,
				DF5BF7951DC0B001009FE851 /* UIButton+Indicator.h */,
				DF5BF7961DC0B001009FE851 /* UIButton+Indicator.m */,
				DF5BF7971DC0B001009FE851 /* UIButton+LXMImagePosition.h */,
				DF5BF7981DC0B001009FE851 /* UIButton+LXMImagePosition.m */,
				DF5BF7991DC0B001009FE851 /* UIButton+MAC.h */,
				DF5BF79A1DC0B001009FE851 /* UIButton+MAC.m */,
				DF5BF79B1DC0B001009FE851 /* UIButton+MiddleAligning.h */,
				DF5BF79C1DC0B001009FE851 /* UIButton+MiddleAligning.m */,
				DF5BF79D1DC0B001009FE851 /* UIButton+Submitting.h */,
				DF5BF79E1DC0B001009FE851 /* UIButton+Submitting.m */,
				DF5BF79F1DC0B001009FE851 /* UIButton+TouchAreaInsets.h */,
				DF5BF7A01DC0B001009FE851 /* UIButton+TouchAreaInsets.m */,
				DF5BF7A11DC0B001009FE851 /* UIButtonHeader.h */,
			);
			path = UIButton;
			sourceTree = "<group>";
		};
		DF5BF7AA1DC0B0CD009FE851 /* UIImage */ = {
			isa = PBXGroup;
			children = (
				DF1100A01DC727840003EEA5 /* UIImage+Extension.h */,
				DF1100A11DC727840003EEA5 /* UIImage+Extension.m */,
				DF5BF7AB1DC0B0CD009FE851 /* UIImage+Additions.h */,
				DF5BF7AC1DC0B0CD009FE851 /* UIImage+Additions.m */,
				DF5BF7AD1DC0B0CD009FE851 /* UIImage+SuperCompress.h */,
				DF5BF7AE1DC0B0CD009FE851 /* UIImage+SuperCompress.m */,
				DF5BF7AF1DC0B0CD009FE851 /* UIImageHeader.h */,
			);
			path = UIImage;
			sourceTree = "<group>";
		};
		DF5BF7B21DC0B2A3009FE851 /* UIImageView */ = {
			isa = PBXGroup;
			children = (
				DF5BF7B51DC0B2A3009FE851 /* UIImageView+Addition.h */,
				DF5BF7B61DC0B2A3009FE851 /* UIImageView+Addition.m */,
				DF5BF7B91DC0B2A3009FE851 /* UIImageView+Letters.h */,
				DF5BF7BA1DC0B2A3009FE851 /* UIImageView+Letters.m */,
				DF5BF7BB1DC0B2A3009FE851 /* UIImageView+Reflect.h */,
				DF5BF7BC1DC0B2A3009FE851 /* UIImageView+Reflect.m */,
				DF5BF7BD1DC0B2A3009FE851 /* UIImageViewHeader.h */,
			);
			path = UIImageView;
			sourceTree = "<group>";
		};
		DF5BF7C31DC0B2C0009FE851 /* UIResponder */ = {
			isa = PBXGroup;
			children = (
				DF5BF7C41DC0B2C0009FE851 /* UIResponder+Chain.h */,
				DF5BF7C51DC0B2C0009FE851 /* UIResponder+Chain.m */,
				DF5BF7C61DC0B2C0009FE851 /* UIResponder+FirstResponder.h */,
				DF5BF7C71DC0B2C0009FE851 /* UIResponder+FirstResponder.m */,
				DF5BF7C81DC0B2C0009FE851 /* UIResponder+UIAdapt.h */,
				DF5BF7C91DC0B2C0009FE851 /* UIResponder+UIAdapt.m */,
			);
			path = UIResponder;
			sourceTree = "<group>";
		};
		DF5BF7D01DC0B4E5009FE851 /* UIView */ = {
			isa = PBXGroup;
			children = (
				DF5BF7D11DC0B4E5009FE851 /* EAFeatureGuideView */,
				DF5BF7D61DC0B4E5009FE851 /* UIView+AnimationProperty.h */,
				DF5BF7D71DC0B4E5009FE851 /* UIView+AnimationProperty.m */,
				DF5BF7D81DC0B4E5009FE851 /* UIView+BlockGesture.h */,
				DF5BF7D91DC0B4E5009FE851 /* UIView+BlockGesture.m */,
				DF5BF7DA1DC0B4E5009FE851 /* UIView+Blur.h */,
				DF5BF7DB1DC0B4E5009FE851 /* UIView+Blur.m */,
				DF5BF7DC1DC0B4E5009FE851 /* UIView+Find.h */,
				DF5BF7DD1DC0B4E5009FE851 /* UIView+Find.m */,
				DF5BF7DE1DC0B4E5009FE851 /* UIView+GestureCallback.h */,
				DF5BF7DF1DC0B4E5009FE851 /* UIView+GestureCallback.m */,
				DF5BF7E01DC0B4E5009FE851 /* UIView+GlowView.h */,
				DF5BF7E11DC0B4E5009FE851 /* UIView+GlowView.m */,
				DF5BF7E21DC0B4E5009FE851 /* UIView+MAC.h */,
				DF5BF7E31DC0B4E5009FE851 /* UIView+MAC.m */,
				DF5BF7E41DC0B4E5009FE851 /* UIView+Nib.h */,
				DF5BF7E51DC0B4E5009FE851 /* UIView+Nib.m */,
				DF5BF7E61DC0B4E5009FE851 /* UIView+RecursiveDescription.h */,
				DF5BF7E71DC0B4E5009FE851 /* UIView+RecursiveDescription.m */,
				DF5BF7E81DC0B4E5009FE851 /* UIView+Screenshot.h */,
				DF5BF7E91DC0B4E5009FE851 /* UIView+Screenshot.m */,
				DF5BF7EA1DC0B4E5009FE851 /* UIView+Shake.h */,
				DF5BF7EB1DC0B4E5009FE851 /* UIView+Shake.m */,
				DF5BF7EC1DC0B4E5009FE851 /* UIView+ViewController.h */,
				DF5BF7ED1DC0B4E5009FE851 /* UIView+ViewController.m */,
				DF5BF7EE1DC0B4E5009FE851 /* UIViewHeader.h */,
			);
			path = UIView;
			sourceTree = "<group>";
		};
		DF5BF7D11DC0B4E5009FE851 /* EAFeatureGuideView */ = {
			isa = PBXGroup;
			children = (
				DF5BF7D21DC0B4E5009FE851 /* EAFeatureItem.h */,
				DF5BF7D31DC0B4E5009FE851 /* EAFeatureItem.m */,
				DF5BF7D41DC0B4E5009FE851 /* UIView+EAFeatureGuideView.h */,
				DF5BF7D51DC0B4E5009FE851 /* UIView+EAFeatureGuideView.m */,
			);
			path = EAFeatureGuideView;
			sourceTree = "<group>";
		};
		DF5BF7FD1DC0B508009FE851 /* UIWebView */ = {
			isa = PBXGroup;
			children = (
				DF5BF7FE1DC0B508009FE851 /* UIWebView+Blocks.h */,
				DF5BF7FF1DC0B508009FE851 /* UIWebView+Blocks.m */,
			);
			path = UIWebView;
			sourceTree = "<group>";
		};
		DF5BF8011DC0B5E0009FE851 /* GCD */ = {
			isa = PBXGroup;
			children = (
				DF5BF8021DC0B5E0009FE851 /* GCD.h */,
				DF5BF8031DC0B5E0009FE851 /* GCDGroup.h */,
				DF5BF8041DC0B5E0009FE851 /* GCDGroup.m */,
				DF5BF8051DC0B5E0009FE851 /* GCDQueue.h */,
				DF5BF8061DC0B5E0009FE851 /* GCDQueue.m */,
				DF5BF8071DC0B5E0009FE851 /* GCDSemaphore.h */,
				DF5BF8081DC0B5E0009FE851 /* GCDSemaphore.m */,
				DF5BF8091DC0B5E0009FE851 /* GCDTimer.h */,
				DF5BF80A1DC0B5E0009FE851 /* GCDTimer.m */,
			);
			path = GCD;
			sourceTree = "<group>";
		};
		DF5BF80B1DC0B5E0009FE851 /* LocalPushCenter */ = {
			isa = PBXGroup;
			children = (
				DF5BF80C1DC0B5E0009FE851 /* LocalPushCenter.h */,
				DF5BF80D1DC0B5E0009FE851 /* LocalPushCenter.m */,
			);
			path = LocalPushCenter;
			sourceTree = "<group>";
		};
		DF6BC7341DC8AD7300CF1C64 /* UINavigationBar */ = {
			isa = PBXGroup;
			children = (
				DF6BC7351DC8AD8300CF1C64 /* UINavigationBar+PPSNavigationBar.h */,
				DF6BC7361DC8AD8300CF1C64 /* UINavigationBar+PPSNavigationBar.m */,
			);
			path = UINavigationBar;
			sourceTree = "<group>";
		};
		DF6BC7381DC8AE2C00CF1C64 /* Reachability */ = {
			isa = PBXGroup;
			children = (
				DF6BC7391DC8AE3500CF1C64 /* Reachability.h */,
				DF6BC73A1DC8AE3500CF1C64 /* Reachability.m */,
			);
			path = Reachability;
			sourceTree = "<group>";
		};
		DF6BC73C1DC8BDC100CF1C64 /* ObjcSugar */ = {
			isa = PBXGroup;
			children = (
				DF6BC73D1DC8BDC100CF1C64 /* CLObjcSugar.h */,
				DF6BC73E1DC8BDC100CF1C64 /* NSBundle+CLObjcSugar.h */,
				DF6BC73F1DC8BDC100CF1C64 /* NSBundle+CLObjcSugar.m */,
				DF6BC7401DC8BDC100CF1C64 /* NSDate+CLObjcSugar.h */,
				DF6BC7411DC8BDC100CF1C64 /* NSDate+CLObjcSugar.m */,
				DF6BC7421DC8BDC100CF1C64 /* NSDate+MacFormatter.h */,
				DF6BC7431DC8BDC100CF1C64 /* NSDate+MacFormatter.m */,
				DF6BC7441DC8BDC100CF1C64 /* NSDictionary+CLMerge.h */,
				DF6BC7451DC8BDC100CF1C64 /* NSDictionary+CLMerge.m */,
				DF6BC7461DC8BDC100CF1C64 /* NSDictionary+MAC.h */,
				DF6BC7471DC8BDC100CF1C64 /* NSDictionary+MAC.m */,
				DF6BC7481DC8BDC100CF1C64 /* NSObject+GCD.h */,
				DF6BC7491DC8BDC100CF1C64 /* NSObject+GCD.m */,
				DF6BC74A1DC8BDC100CF1C64 /* NSObject+JKReflection.h */,
				DF6BC74B1DC8BDC100CF1C64 /* NSObject+JKReflection.m */,
				DF6BC74C1DC8BDC100CF1C64 /* NSObject+JKRuntime.h */,
				DF6BC74D1DC8BDC100CF1C64 /* NSObject+JKRuntime.m */,
				DF6BC74E1DC8BDC100CF1C64 /* NSString+CLObjcSugar.h */,
				DF6BC74F1DC8BDC100CF1C64 /* NSString+CLObjcSugar.m */,
				DF6BC7501DC8BDC100CF1C64 /* UIButton+CLObjcSugar.h */,
				DF6BC7511DC8BDC100CF1C64 /* UIButton+CLObjcSugar.m */,
				DF6BC7521DC8BDC100CF1C64 /* UIColor+CLObjcSugar.h */,
				DF6BC7531DC8BDC100CF1C64 /* UIColor+CLObjcSugar.m */,
				DF6BC7541DC8BDC100CF1C64 /* UIImage+CLObjcSugar.h */,
				DF6BC7551DC8BDC100CF1C64 /* UIImage+CLObjcSugar.m */,
				DF6BC7561DC8BDC100CF1C64 /* UILabel+CLObjcSugar.h */,
				DF6BC7571DC8BDC100CF1C64 /* UILabel+CLObjcSugar.m */,
				DF6BC7581DC8BDC100CF1C64 /* UINavigationController+CLObjcSugar.h */,
				DF6BC7591DC8BDC100CF1C64 /* UINavigationController+CLObjcSugar.m */,
				DF6BC75A1DC8BDC100CF1C64 /* UIScreen+CLObjcSugar.h */,
				DF6BC75B1DC8BDC100CF1C64 /* UIScreen+CLObjcSugar.m */,
				DF6BC75C1DC8BDC100CF1C64 /* UITextField+CLObjcSugar.h */,
				DF6BC75D1DC8BDC100CF1C64 /* UITextField+CLObjcSugar.m */,
				DF6BC75E1DC8BDC100CF1C64 /* UITextView+Placeholder.h */,
				DF6BC75F1DC8BDC100CF1C64 /* UITextView+Placeholder.m */,
				DF6BC7601DC8BDC100CF1C64 /* UIView+CLObjcSugar.h */,
				DF6BC7611DC8BDC100CF1C64 /* UIView+CLObjcSugar.m */,
			);
			path = ObjcSugar;
			sourceTree = "<group>";
		};
/* End PBXGroup section */

/* Begin PBXNativeTarget section */
		DF5BF6F91DC0A6FA009FE851 /* 语法糖测试 */ = {
			isa = PBXNativeTarget;
			buildConfigurationList = DF5BF7111DC0A6FA009FE851 /* Build configuration list for PBXNativeTarget "语法糖测试" */;
			buildPhases = (
				DF5BF6F61DC0A6FA009FE851 /* Sources */,
				DF5BF6F71DC0A6FA009FE851 /* Frameworks */,
				DF5BF6F81DC0A6FA009FE851 /* Resources */,
			);
			buildRules = (
			);
			dependencies = (
			);
			name = "语法糖测试";
			productName = "语法糖测试";
			productReference = DF5BF6FA1DC0A6FA009FE851 /* 语法糖测试.app */;
			productType = "com.apple.product-type.application";
		};
/* End PBXNativeTarget section */

/* Begin PBXProject section */
		DF5BF6F21DC0A6F9009FE851 /* Project object */ = {
			isa = PBXProject;
			attributes = {
				LastUpgradeCheck = 0800;
				ORGANIZATIONNAME = cleven;
				TargetAttributes = {
					DF5BF6F91DC0A6FA009FE851 = {
						CreatedOnToolsVersion = 8.0;
						ProvisioningStyle = Automatic;
					};
				};
			};
			buildConfigurationList = DF5BF6F51DC0A6F9009FE851 /* Build configuration list for PBXProject "语法糖测试" */;
			compatibilityVersion = "Xcode 3.2";
			developmentRegion = English;
			hasScannedForEncodings = 0;
			knownRegions = (
				en,
				Base,
			);
			mainGroup = DF5BF6F11DC0A6F9009FE851;
			productRefGroup = DF5BF6FB1DC0A6FA009FE851 /* Products */;
			projectDirPath = "";
			projectRoot = "";
			targets = (
				DF5BF6F91DC0A6FA009FE851 /* 语法糖测试 */,
			);
		};
/* End PBXProject section */

/* Begin PBXResourcesBuildPhase section */
		DF5BF6F81DC0A6FA009FE851 /* Resources */ = {
			isa = PBXResourcesBuildPhase;
			buildActionMask = 2147483647;
			files = (
				DF5BF70D1DC0A6FA009FE851 /* LaunchScreen.storyboard in Resources */,
				DF5BF70A1DC0A6FA009FE851 /* Assets.xcassets in Resources */,
				DF5BF7081DC0A6FA009FE851 /* Main.storyboard in Resources */,
			);
			runOnlyForDeploymentPostprocessing = 0;
		};
/* End PBXResourcesBuildPhase section */

/* Begin PBXSourcesBuildPhase section */
		DF5BF6F61DC0A6FA009FE851 /* Sources */ = {
			isa = PBXSourcesBuildPhase;
			buildActionMask = 2147483647;
			files = (
				DF5BF8111DC0B5E0009FE851 /* GCDTimer.m in Sources */,
				DF5BF7F91DC0B4E6009FE851 /* UIView+RecursiveDescription.m in Sources */,
				DF5BF7F21DC0B4E5009FE851 /* UIView+BlockGesture.m in Sources */,
				DF5BF77A1DC0AE93009FE851 /* NSString+Emoji.m in Sources */,
				DF6BC76E1DC8BDC100CF1C64 /* UILabel+CLObjcSugar.m in Sources */,
				DF5BF8121DC0B5E0009FE851 /* LocalPushCenter.m in Sources */,
				DF5BF7781DC0AE93009FE851 /* NSString+HLHanZiToPinYin.m in Sources */,
				DF5BF80F1DC0B5E0009FE851 /* GCDQueue.m in Sources */,
				DF5BF80E1DC0B5E0009FE851 /* GCDGroup.m in Sources */,
				DF6BC7631DC8BDC100CF1C64 /* NSDate+CLObjcSugar.m in Sources */,
				DF5BF7841DC0AEE1009FE851 /* MF_Base64Additions.m in Sources */,
				DF5BF7F81DC0B4E6009FE851 /* UIView+Nib.m in Sources */,
				DF5BF77F1DC0AE93009FE851 /* NSString+Trims.m in Sources */,
				DF5BF7801DC0AE93009FE851 /* NSString+UUID.m in Sources */,
				DF6BC76B1DC8BDC100CF1C64 /* UIButton+CLObjcSugar.m in Sources */,
				DF5BF7F61DC0B4E5009FE851 /* UIView+GlowView.m in Sources */,
				DF5BF77C1DC0AE93009FE851 /* NSString+MacRegexCategory.m in Sources */,
				DF5BF7CB1DC0B2C0009FE851 /* UIResponder+FirstResponder.m in Sources */,
				DF5BF7C11DC0B2A3009FE851 /* UIImageView+Letters.m in Sources */,
				DF5BF7491DC0AACD009FE851 /* NSData+JKzlib.m in Sources */,
				DF6BC7701DC8BDC100CF1C64 /* UIScreen+CLObjcSugar.m in Sources */,
				DF6BC7711DC8BDC100CF1C64 /* UITextField+CLObjcSugar.m in Sources */,
				DF6BC7671DC8BDC100CF1C64 /* NSObject+GCD.m in Sources */,
				DF6BC7661DC8BDC100CF1C64 /* NSDictionary+MAC.m in Sources */,
				DF1100A21DC727840003EEA5 /* UIImage+Extension.m in Sources */,
				DF5BF7F11DC0B4E5009FE851 /* UIView+AnimationProperty.m in Sources */,
				DF6BC76A1DC8BDC100CF1C64 /* NSString+CLObjcSugar.m in Sources */,
				DF5BF7051DC0A6FA009FE851 /* ViewController.m in Sources */,
				DF5BF7A71DC0B001009FE851 /* UIButton+MiddleAligning.m in Sources */,
				DF6BC7621DC8BDC100CF1C64 /* NSBundle+CLObjcSugar.m in Sources */,
				DF5BF7C21DC0B2A3009FE851 /* UIImageView+Reflect.m in Sources */,
				DF5BF7021DC0A6FA009FE851 /* AppDelegate.m in Sources */,
				DF5BF77B1DC0AE93009FE851 /* NSString+MAC.m in Sources */,
				DF5BF7F01DC0B4E5009FE851 /* UIView+EAFeatureGuideView.m in Sources */,
				DF6BC7731DC8BDC100CF1C64 /* UIView+CLObjcSugar.m in Sources */,
				DF5BF7451DC0AACD009FE851 /* NSData+Base64.m in Sources */,
				DF6BC7371DC8AD8300CF1C64 /* UINavigationBar+PPSNavigationBar.m in Sources */,
				DF5BF7FA1DC0B4E6009FE851 /* UIView+Screenshot.m in Sources */,
				DF6BC7681DC8BDC100CF1C64 /* NSObject+JKReflection.m in Sources */,
				DF5BF77E1DC0AE93009FE851 /* NSString+RemoveEmoji.m in Sources */,
				DF5BF7CC1DC0B2C0009FE851 /* UIResponder+UIAdapt.m in Sources */,
				DF5BF7881DC0AF0C009FE851 /* NSTimer+MAC.m in Sources */,
				DF5BF7F41DC0B4E5009FE851 /* UIView+Find.m in Sources */,
				DF5BF7F51DC0B4E5009FE851 /* UIView+GestureCallback.m in Sources */,
				DF5BF7F31DC0B4E5009FE851 /* UIView+Blur.m in Sources */,
				DF5BF7BF1DC0B2A3009FE851 /* UIImageView+Addition.m in Sources */,
				DF5BF7461DC0AACD009FE851 /* NSData+Encrypt.m in Sources */,
				DF6BC76C1DC8BDC100CF1C64 /* UIColor+CLObjcSugar.m in Sources */,
				DF5BF7471DC0AACD009FE851 /* NSData+JKDataCache.m in Sources */,
				DF5BF7A91DC0B001009FE851 /* UIButton+TouchAreaInsets.m in Sources */,
				DF5BF78E1DC0AF64009FE851 /* AppleSystemService.m in Sources */,
				DF5BF7A51DC0B001009FE851 /* UIButton+LXMImagePosition.m in Sources */,
				DF5BF7CA1DC0B2C0009FE851 /* UIResponder+Chain.m in Sources */,
				DF5BF7561DC0AD27009FE851 /* NSException+Trace.m in Sources */,
				DF6BC7721DC8BDC100CF1C64 /* UITextView+Placeholder.m in Sources */,
				DF5BF77D1DC0AE93009FE851 /* NSString+MIME.m in Sources */,
				DF5BF7EF1DC0B4E5009FE851 /* EAFeatureItem.m in Sources */,
				DF5BF7481DC0AACD009FE851 /* NSData+JKGzip.m in Sources */,
				DF6BC76D1DC8BDC100CF1C64 /* UIImage+CLObjcSugar.m in Sources */,
				DF6BC76F1DC8BDC100CF1C64 /* UINavigationController+CLObjcSugar.m in Sources */,
				DF5BF8001DC0B508009FE851 /* UIWebView+Blocks.m in Sources */,
				DF5BF7FC1DC0B4E6009FE851 /* UIView+ViewController.m in Sources */,
				DF5BF7A61DC0B001009FE851 /* UIButton+MAC.m in Sources */,
				DF5BF7FB1DC0B4E6009FE851 /* UIView+Shake.m in Sources */,
				DF5BF6FF1DC0A6FA009FE851 /* main.m in Sources */,
				DF5BF8101DC0B5E0009FE851 /* GCDSemaphore.m in Sources */,
				DF6BC7641DC8BDC100CF1C64 /* NSDate+MacFormatter.m in Sources */,
				DF5BF7811DC0AE93009FE851 /* ChineseToPinyin.m in Sources */,
				DF5BF78F1DC0AF64009FE851 /* UIApplication+AppInfo.m in Sources */,
				DF6BC7651DC8BDC100CF1C64 /* NSDictionary+CLMerge.m in Sources */,
				DF5BF7A21DC0B001009FE851 /* UIButton+Block.m in Sources */,
				DF6BC7691DC8BDC100CF1C64 /* NSObject+JKRuntime.m in Sources */,
				DF5BF7441DC0AACD009FE851 /* NSData+APNSToken.m in Sources */,
				DF5BF7A41DC0B001009FE851 /* UIButton+Indicator.m in Sources */,
				DF6BC73B1DC8AE3500CF1C64 /* Reachability.m in Sources */,
				DF5BF7A31DC0B001009FE851 /* UIButton+CountDown.m in Sources */,
				DF5BF7A81DC0B001009FE851 /* UIButton+Submitting.m in Sources */,
				DF70FD8B1E0A838D00AC3666 /* NSString+NSNumber.m in Sources */,
				DF5BF7F71DC0B4E6009FE851 /* UIView+MAC.m in Sources */,
				DF5BF7B01DC0B0CD009FE851 /* UIImage+Additions.m in Sources */,
				DF5BF7B11DC0B0CD009FE851 /* UIImage+SuperCompress.m in Sources */,
			);
			runOnlyForDeploymentPostprocessing = 0;
		};
/* End PBXSourcesBuildPhase section */

/* Begin PBXVariantGroup section */
		DF5BF7061DC0A6FA009FE851 /* Main.storyboard */ = {
			isa = PBXVariantGroup;
			children = (
				DF5BF7071DC0A6FA009FE851 /* Base */,
			);
			name = Main.storyboard;
			sourceTree = "<group>";
		};
		DF5BF70B1DC0A6FA009FE851 /* LaunchScreen.storyboard */ = {
			isa = PBXVariantGroup;
			children = (
				DF5BF70C1DC0A6FA009FE851 /* Base */,
			);
			name = LaunchScreen.storyboard;
			sourceTree = "<group>";
		};
/* End PBXVariantGroup section */

/* Begin XCBuildConfiguration section */
		DF5BF70F1DC0A6FA009FE851 /* Debug */ = {
			isa = XCBuildConfiguration;
			buildSettings = {
				ALWAYS_SEARCH_USER_PATHS = NO;
				CLANG_ANALYZER_NONNULL = YES;
				CLANG_CXX_LANGUAGE_STANDARD = "gnu++0x";
				CLANG_CXX_LIBRARY = "libc++";
				CLANG_ENABLE_MODULES = YES;
				CLANG_ENABLE_OBJC_ARC = YES;
				CLANG_WARN_BOOL_CONVERSION = YES;
				CLANG_WARN_CONSTANT_CONVERSION = YES;
				CLANG_WARN_DIRECT_OBJC_ISA_USAGE = YES_ERROR;
				CLANG_WARN_DOCUMENTATION_COMMENTS = YES;
				CLANG_WARN_EMPTY_BODY = YES;
				CLANG_WARN_ENUM_CONVERSION = YES;
				CLANG_WARN_INFINITE_RECURSION = YES;
				CLANG_WARN_INT_CONVERSION = YES;
				CLANG_WARN_OBJC_ROOT_CLASS = YES_ERROR;
				CLANG_WARN_SUSPICIOUS_MOVES = YES;
				CLANG_WARN_UNREACHABLE_CODE = YES;
				CLANG_WARN__DUPLICATE_METHOD_MATCH = YES;
				"CODE_SIGN_IDENTITY[sdk=iphoneos*]" = "iPhone Developer";
				COPY_PHASE_STRIP = NO;
				DEBUG_INFORMATION_FORMAT = dwarf;
				ENABLE_STRICT_OBJC_MSGSEND = YES;
				ENABLE_TESTABILITY = YES;
				GCC_C_LANGUAGE_STANDARD = gnu99;
				GCC_DYNAMIC_NO_PIC = NO;
				GCC_NO_COMMON_BLOCKS = YES;
				GCC_OPTIMIZATION_LEVEL = 0;
				GCC_PREPROCESSOR_DEFINITIONS = (
					"DEBUG=1",
					"$(inherited)",
				);
				GCC_WARN_64_TO_32_BIT_CONVERSION = YES;
				GCC_WARN_ABOUT_RETURN_TYPE = YES_ERROR;
				GCC_WARN_UNDECLARED_SELECTOR = YES;
				GCC_WARN_UNINITIALIZED_AUTOS = YES_AGGRESSIVE;
				GCC_WARN_UNUSED_FUNCTION = YES;
				GCC_WARN_UNUSED_VARIABLE = YES;
				IPHONEOS_DEPLOYMENT_TARGET = 10.0;
				MTL_ENABLE_DEBUG_INFO = YES;
				ONLY_ACTIVE_ARCH = YES;
				SDKROOT = iphoneos;
			};
			name = Debug;
		};
		DF5BF7101DC0A6FA009FE851 /* Release */ = {
			isa = XCBuildConfiguration;
			buildSettings = {
				ALWAYS_SEARCH_USER_PATHS = NO;
				CLANG_ANALYZER_NONNULL = YES;
				CLANG_CXX_LANGUAGE_STANDARD = "gnu++0x";
				CLANG_CXX_LIBRARY = "libc++";
				CLANG_ENABLE_MODULES = YES;
				CLANG_ENABLE_OBJC_ARC = YES;
				CLANG_WARN_BOOL_CONVERSION = YES;
				CLANG_WARN_CONSTANT_CONVERSION = YES;
				CLANG_WARN_DIRECT_OBJC_ISA_USAGE = YES_ERROR;
				CLANG_WARN_DOCUMENTATION_COMMENTS = YES;
				CLANG_WARN_EMPTY_BODY = YES;
				CLANG_WARN_ENUM_CONVERSION = YES;
				CLANG_WARN_INFINITE_RECURSION = YES;
				CLANG_WARN_INT_CONVERSION = YES;
				CLANG_WARN_OBJC_ROOT_CLASS = YES_ERROR;
				CLANG_WARN_SUSPICIOUS_MOVES = YES;
				CLANG_WARN_UNREACHABLE_CODE = YES;
				CLANG_WARN__DUPLICATE_METHOD_MATCH = YES;
				"CODE_SIGN_IDENTITY[sdk=iphoneos*]" = "iPhone Developer";
				COPY_PHASE_STRIP = NO;
				DEBUG_INFORMATION_FORMAT = "dwarf-with-dsym";
				ENABLE_NS_ASSERTIONS = NO;
				ENABLE_STRICT_OBJC_MSGSEND = YES;
				GCC_C_LANGUAGE_STANDARD = gnu99;
				GCC_NO_COMMON_BLOCKS = YES;
				GCC_WARN_64_TO_32_BIT_CONVERSION = YES;
				GCC_WARN_ABOUT_RETURN_TYPE = YES_ERROR;
				GCC_WARN_UNDECLARED_SELECTOR = YES;
				GCC_WARN_UNINITIALIZED_AUTOS = YES_AGGRESSIVE;
				GCC_WARN_UNUSED_FUNCTION = YES;
				GCC_WARN_UNUSED_VARIABLE = YES;
				IPHONEOS_DEPLOYMENT_TARGET = 10.0;
				MTL_ENABLE_DEBUG_INFO = NO;
				SDKROOT = iphoneos;
				VALIDATE_PRODUCT = YES;
			};
			name = Release;
		};
		DF5BF7121DC0A6FA009FE851 /* Debug */ = {
			isa = XCBuildConfiguration;
			buildSettings = {
				ASSETCATALOG_COMPILER_APPICON_NAME = AppIcon;
				INFOPLIST_FILE = "语法糖测试/Info.plist";
				LD_RUNPATH_SEARCH_PATHS = "$(inherited) @executable_path/Frameworks";
				PRODUCT_BUNDLE_IDENTIFIER = "com.apple.-----";
				PRODUCT_NAME = "$(TARGET_NAME)";
			};
			name = Debug;
		};
		DF5BF7131DC0A6FA009FE851 /* Release */ = {
			isa = XCBuildConfiguration;
			buildSettings = {
				ASSETCATALOG_COMPILER_APPICON_NAME = AppIcon;
				INFOPLIST_FILE = "语法糖测试/Info.plist";
				LD_RUNPATH_SEARCH_PATHS = "$(inherited) @executable_path/Frameworks";
				PRODUCT_BUNDLE_IDENTIFIER = "com.apple.-----";
				PRODUCT_NAME = "$(TARGET_NAME)";
			};
			name = Release;
		};
/* End XCBuildConfiguration section */

/* Begin XCConfigurationList section */
		DF5BF6F51DC0A6F9009FE851 /* Build configuration list for PBXProject "语法糖测试" */ = {
			isa = XCConfigurationList;
			buildConfigurations = (
				DF5BF70F1DC0A6FA009FE851 /* Debug */,
				DF5BF7101DC0A6FA009FE851 /* Release */,
			);
			defaultConfigurationIsVisible = 0;
			defaultConfigurationName = Release;
		};
		DF5BF7111DC0A6FA009FE851 /* Build configuration list for PBXNativeTarget "语法糖测试" */ = {
			isa = XCConfigurationList;
			buildConfigurations = (
				DF5BF7121DC0A6FA009FE851 /* Debug */,
				DF5BF7131DC0A6FA009FE851 /* Release */,
			);
			defaultConfigurationIsVisible = 0;
			defaultConfigurationName = Release;
		};
/* End XCConfigurationList section */
	};
	rootObject = DF5BF6F21DC0A6F9009FE851 /* Project object */;
}
